// !$*UTF8*$!
{
	archiveVersion = 1;
	classes = {
	};
	objectVersion = 56;
	objects = {

/* Begin PBXBuildFile section */
		904FBF892C15C6D000D3494B /* FriendsAssembly.swift in Sources */ = {isa = PBXBuildFile; fileRef = 904FBF752C15C6D000D3494B /* FriendsAssembly.swift */; };
		904FBF8A2C15C6D000D3494B /* FriendsPresenter.swift in Sources */ = {isa = PBXBuildFile; fileRef = 904FBF772C15C6D000D3494B /* FriendsPresenter.swift */; };
		904FBF8B2C15C6D000D3494B /* FriendsNetwork.swift in Sources */ = {isa = PBXBuildFile; fileRef = 904FBF792C15C6D000D3494B /* FriendsNetwork.swift */; };
		904FBF8C2C15C6D000D3494B /* FriendsViewController.swift in Sources */ = {isa = PBXBuildFile; fileRef = 904FBF7B2C15C6D000D3494B /* FriendsViewController.swift */; };
		904FBF8D2C15C6D000D3494B /* FriendsViewOutput.swift in Sources */ = {isa = PBXBuildFile; fileRef = 904FBF7C2C15C6D000D3494B /* FriendsViewOutput.swift */; };
		904FBF8E2C15C6D000D3494B /* FriendsViewInput.swift in Sources */ = {isa = PBXBuildFile; fileRef = 904FBF7D2C15C6D000D3494B /* FriendsViewInput.swift */; };
		904FBF8F2C15C6D000D3494B /* FriendsData.swift in Sources */ = {isa = PBXBuildFile; fileRef = 904FBF7F2C15C6D000D3494B /* FriendsData.swift */; };
		904FBF902C15C6D000D3494B /* FriendsInteractor.swift in Sources */ = {isa = PBXBuildFile; fileRef = 904FBF812C15C6D000D3494B /* FriendsInteractor.swift */; };
		904FBF912C15C6D000D3494B /* FriendsInteractorOutput.swift in Sources */ = {isa = PBXBuildFile; fileRef = 904FBF822C15C6D000D3494B /* FriendsInteractorOutput.swift */; };
		904FBF922C15C6D000D3494B /* FriendsInteractorInput.swift in Sources */ = {isa = PBXBuildFile; fileRef = 904FBF832C15C6D000D3494B /* FriendsInteractorInput.swift */; };
		904FBF932C15C6D000D3494B /* FriendsLocalization.strings in Resources */ = {isa = PBXBuildFile; fileRef = 904FBF852C15C6D000D3494B /* FriendsLocalization.strings */; };
		904FBF942C15C6D000D3494B /* FriendsLocalization.swift in Sources */ = {isa = PBXBuildFile; fileRef = 904FBF862C15C6D000D3494B /* FriendsLocalization.swift */; };
		904FBF952C15C6D000D3494B /* FriendsRouter.swift in Sources */ = {isa = PBXBuildFile; fileRef = 904FBF882C15C6D000D3494B /* FriendsRouter.swift */; };
		904FBF992C15C77900D3494B /* BaseLocalization.swift in Sources */ = {isa = PBXBuildFile; fileRef = 904FBF982C15C77900D3494B /* BaseLocalization.swift */; };
		904FBF9B2C15C7B400D3494B /* String+Extension.swift in Sources */ = {isa = PBXBuildFile; fileRef = 904FBF9A2C15C7B400D3494B /* String+Extension.swift */; };
		904FBF9D2C15C7EE00D3494B /* NSObject+Extension.swift in Sources */ = {isa = PBXBuildFile; fileRef = 904FBF9C2C15C7EE00D3494B /* NSObject+Extension.swift */; };
		904FBF9F2C15C93400D3494B /* BaseAssembly.swift in Sources */ = {isa = PBXBuildFile; fileRef = 904FBF9E2C15C93400D3494B /* BaseAssembly.swift */; };
		904FBFA22C15C9AB00D3494B /* BaseViewController.swift in Sources */ = {isa = PBXBuildFile; fileRef = 904FBFA12C15C9AB00D3494B /* BaseViewController.swift */; };
		904FBFA42C15D07E00D3494B /* KeyboardService.swift in Sources */ = {isa = PBXBuildFile; fileRef = 904FBFA32C15D07E00D3494B /* KeyboardService.swift */; };
		904FBFA62C15D16900D3494B /* UIApplication+Extension.swift in Sources */ = {isa = PBXBuildFile; fileRef = 904FBFA52C15D16900D3494B /* UIApplication+Extension.swift */; };
		904FBFA82C15D23B00D3494B /* KeyboardSensitiveConstraints.swift in Sources */ = {isa = PBXBuildFile; fileRef = 904FBFA72C15D23B00D3494B /* KeyboardSensitiveConstraints.swift */; };
		904FBFAB2C15D2AC00D3494B /* HeaderViewController.swift in Sources */ = {isa = PBXBuildFile; fileRef = 904FBFAA2C15D2AC00D3494B /* HeaderViewController.swift */; };
		904FBFAE2C15D2F800D3494B /* SnapKit in Frameworks */ = {isa = PBXBuildFile; productRef = 904FBFAD2C15D2F800D3494B /* SnapKit */; };
		904FBFB02C15D2F800D3494B /* SnapKit-Dynamic in Frameworks */ = {isa = PBXBuildFile; productRef = 904FBFAF2C15D2F800D3494B /* SnapKit-Dynamic */; };
		904FBFB72C15D90B00D3494B /* UIViewController+Extension.swift in Sources */ = {isa = PBXBuildFile; fileRef = 904FBFB62C15D90B00D3494B /* UIViewController+Extension.swift */; };
		904FBFBA2C15D9E800D3494B /* BaseInteractor.swift in Sources */ = {isa = PBXBuildFile; fileRef = 904FBFB92C15D9E800D3494B /* BaseInteractor.swift */; };
		904FBFBC2C15DA1000D3494B /* BaseInteractorInput.swift in Sources */ = {isa = PBXBuildFile; fileRef = 904FBFBB2C15DA1000D3494B /* BaseInteractorInput.swift */; };
		904FBFBE2C15DA1F00D3494B /* BaseInteractorOutput.swift in Sources */ = {isa = PBXBuildFile; fileRef = 904FBFBD2C15DA1F00D3494B /* BaseInteractorOutput.swift */; };
		904FBFC12C15DA7700D3494B /* BaseRouter.swift in Sources */ = {isa = PBXBuildFile; fileRef = 904FBFC02C15DA7700D3494B /* BaseRouter.swift */; };
		904FBFC32C15DAAD00D3494B /* NavigationProtocol.swift in Sources */ = {isa = PBXBuildFile; fileRef = 904FBFC22C15DAAD00D3494B /* NavigationProtocol.swift */; };
		904FBFC62C15DB7300D3494B /* BaseViewInput.swift in Sources */ = {isa = PBXBuildFile; fileRef = 904FBFC52C15DB7300D3494B /* BaseViewInput.swift */; };
		904FBFC82C15DB8200D3494B /* BaseViewOutput.swift in Sources */ = {isa = PBXBuildFile; fileRef = 904FBFC72C15DB8200D3494B /* BaseViewOutput.swift */; };
		904FBFCA2C15DBD200D3494B /* BasePresenter.swift in Sources */ = {isa = PBXBuildFile; fileRef = 904FBFC92C15DBD200D3494B /* BasePresenter.swift */; };
		904FBFCD2C15DC5800D3494B /* BaseNetwork.swift in Sources */ = {isa = PBXBuildFile; fileRef = 904FBFCC2C15DC5800D3494B /* BaseNetwork.swift */; };
		904FBFDA2C15E19D00D3494B /* Colors.xcassets in Resources */ = {isa = PBXBuildFile; fileRef = 904FBFD92C15E19D00D3494B /* Colors.xcassets */; };
		904FBFDD2C15E78200D3494B /* Pershotravneva55.ttf in Resources */ = {isa = PBXBuildFile; fileRef = 904FBFDC2C15E78200D3494B /* Pershotravneva55.ttf */; };
		904FBFE02C15E80D00D3494B /* Fonts.swift in Sources */ = {isa = PBXBuildFile; fileRef = 904FBFDF2C15E80D00D3494B /* Fonts.swift */; };
		904FBFE32C15E85300D3494B /* BaseFonts.swift in Sources */ = {isa = PBXBuildFile; fileRef = 904FBFE22C15E85300D3494B /* BaseFonts.swift */; };
		904FBFE92C15EFAA00D3494B /* Ubuntu-Medium.ttf in Resources */ = {isa = PBXBuildFile; fileRef = 904FBFE42C15EFA900D3494B /* Ubuntu-Medium.ttf */; };
		904FBFEA2C15EFAA00D3494B /* PTSansCaption-Regular.ttf in Resources */ = {isa = PBXBuildFile; fileRef = 904FBFE52C15EFA900D3494B /* PTSansCaption-Regular.ttf */; };
		904FBFEB2C15EFAA00D3494B /* Ubuntu-Bold.ttf in Resources */ = {isa = PBXBuildFile; fileRef = 904FBFE62C15EFAA00D3494B /* Ubuntu-Bold.ttf */; };
		904FBFED2C15EFAA00D3494B /* Ubuntu-Regular.ttf in Resources */ = {isa = PBXBuildFile; fileRef = 904FBFE82C15EFAA00D3494B /* Ubuntu-Regular.ttf */; };
		904FBFEF2C16139200D3494B /* SegmentedButtonsView.swift in Sources */ = {isa = PBXBuildFile; fileRef = 904FBFEE2C16139200D3494B /* SegmentedButtonsView.swift */; };
		904FBFF12C161EE600D3494B /* SegmentedButton.swift in Sources */ = {isa = PBXBuildFile; fileRef = 904FBFF02C161EE600D3494B /* SegmentedButton.swift */; };
		904FBFF52C1629DA00D3494B /* TabBarController.swift in Sources */ = {isa = PBXBuildFile; fileRef = 904FBFF42C1629DA00D3494B /* TabBarController.swift */; };
		904FBFFE2C162A7F00D3494B /* Localizable.strings in Resources */ = {isa = PBXBuildFile; fileRef = 904FBFF82C162A7F00D3494B /* Localizable.strings */; };
		904FBFFF2C162A7F00D3494B /* ErrorLocalizable.strings in Resources */ = {isa = PBXBuildFile; fileRef = 904FBFFC2C162A7F00D3494B /* ErrorLocalizable.strings */; };
		904FC0002C162A7F00D3494B /* Localizable.swift in Sources */ = {isa = PBXBuildFile; fileRef = 904FBFFD2C162A7F00D3494B /* Localizable.swift */; };
		904FC0022C1630FD00D3494B /* UIImage+Extension.swift in Sources */ = {isa = PBXBuildFile; fileRef = 904FC0012C1630FD00D3494B /* UIImage+Extension.swift */; };
		904FC0042C1633FF00D3494B /* UIView+Extension.swift in Sources */ = {isa = PBXBuildFile; fileRef = 904FC0032C1633FF00D3494B /* UIView+Extension.swift */; };
		904FC0062C16596600D3494B /* Images.swift in Sources */ = {isa = PBXBuildFile; fileRef = 904FC0052C16596600D3494B /* Images.swift */; };
		904FC0092C165B3400D3494B /* TabBarItemType.swift in Sources */ = {isa = PBXBuildFile; fileRef = 904FC0082C165B3400D3494B /* TabBarItemType.swift */; };
		904FC0232C167A8B00D3494B /* FriendsPageAssembly.swift in Sources */ = {isa = PBXBuildFile; fileRef = 904FC00F2C167A8B00D3494B /* FriendsPageAssembly.swift */; };
		904FC0242C167A8B00D3494B /* FriendsPagePresenter.swift in Sources */ = {isa = PBXBuildFile; fileRef = 904FC0112C167A8B00D3494B /* FriendsPagePresenter.swift */; };
		904FC0252C167A8B00D3494B /* FriendsPageNetwork.swift in Sources */ = {isa = PBXBuildFile; fileRef = 904FC0132C167A8B00D3494B /* FriendsPageNetwork.swift */; };
		904FC0262C167A8B00D3494B /* FriendsPageViewInput.swift in Sources */ = {isa = PBXBuildFile; fileRef = 904FC0152C167A8B00D3494B /* FriendsPageViewInput.swift */; };
		904FC0272C167A8B00D3494B /* FriendsPageViewOutput.swift in Sources */ = {isa = PBXBuildFile; fileRef = 904FC0162C167A8B00D3494B /* FriendsPageViewOutput.swift */; };
		904FC0282C167A8B00D3494B /* FriendsPageViewController.swift in Sources */ = {isa = PBXBuildFile; fileRef = 904FC0172C167A8B00D3494B /* FriendsPageViewController.swift */; };
		904FC0292C167A8B00D3494B /* FriendsPageData.swift in Sources */ = {isa = PBXBuildFile; fileRef = 904FC0192C167A8B00D3494B /* FriendsPageData.swift */; };
		904FC02A2C167A8B00D3494B /* FriendsPageInteractor.swift in Sources */ = {isa = PBXBuildFile; fileRef = 904FC01B2C167A8B00D3494B /* FriendsPageInteractor.swift */; };
		904FC02B2C167A8B00D3494B /* FriendsPageInteractorInput.swift in Sources */ = {isa = PBXBuildFile; fileRef = 904FC01C2C167A8B00D3494B /* FriendsPageInteractorInput.swift */; };
		904FC02C2C167A8B00D3494B /* FriendsPageInteractorOutput.swift in Sources */ = {isa = PBXBuildFile; fileRef = 904FC01D2C167A8B00D3494B /* FriendsPageInteractorOutput.swift */; };
		904FC02D2C167A8B00D3494B /* FriendsPageLocalization.swift in Sources */ = {isa = PBXBuildFile; fileRef = 904FC01F2C167A8B00D3494B /* FriendsPageLocalization.swift */; };
		904FC02E2C167A8B00D3494B /* FriendsPageLocalization.strings in Resources */ = {isa = PBXBuildFile; fileRef = 904FC0202C167A8B00D3494B /* FriendsPageLocalization.strings */; };
		904FC02F2C167A8B00D3494B /* FriendsPageRouter.swift in Sources */ = {isa = PBXBuildFile; fileRef = 904FC0222C167A8B00D3494B /* FriendsPageRouter.swift */; };
		904FC0482C167B0900D3494B /* ApplicationsPageAssembly.swift in Sources */ = {isa = PBXBuildFile; fileRef = 904FC0342C167B0900D3494B /* ApplicationsPageAssembly.swift */; };
		904FC0492C167B0900D3494B /* ApplicationsPagePresenter.swift in Sources */ = {isa = PBXBuildFile; fileRef = 904FC0362C167B0900D3494B /* ApplicationsPagePresenter.swift */; };
		904FC04A2C167B0900D3494B /* ApplicationsPageNetwork.swift in Sources */ = {isa = PBXBuildFile; fileRef = 904FC0382C167B0900D3494B /* ApplicationsPageNetwork.swift */; };
		904FC04B2C167B0900D3494B /* ApplicationsPageViewInput.swift in Sources */ = {isa = PBXBuildFile; fileRef = 904FC03A2C167B0900D3494B /* ApplicationsPageViewInput.swift */; };
		904FC04C2C167B0900D3494B /* ApplicationsPageViewOutput.swift in Sources */ = {isa = PBXBuildFile; fileRef = 904FC03B2C167B0900D3494B /* ApplicationsPageViewOutput.swift */; };
		904FC04D2C167B0900D3494B /* ApplicationsPageViewController.swift in Sources */ = {isa = PBXBuildFile; fileRef = 904FC03C2C167B0900D3494B /* ApplicationsPageViewController.swift */; };
		904FC04E2C167B0900D3494B /* ApplicationsPageData.swift in Sources */ = {isa = PBXBuildFile; fileRef = 904FC03E2C167B0900D3494B /* ApplicationsPageData.swift */; };
		904FC04F2C167B0900D3494B /* ApplicationsPageInteractor.swift in Sources */ = {isa = PBXBuildFile; fileRef = 904FC0402C167B0900D3494B /* ApplicationsPageInteractor.swift */; };
		904FC0502C167B0900D3494B /* ApplicationsPageInteractorInput.swift in Sources */ = {isa = PBXBuildFile; fileRef = 904FC0412C167B0900D3494B /* ApplicationsPageInteractorInput.swift */; };
		904FC0512C167B0900D3494B /* ApplicationsPageInteractorOutput.swift in Sources */ = {isa = PBXBuildFile; fileRef = 904FC0422C167B0900D3494B /* ApplicationsPageInteractorOutput.swift */; };
		904FC0522C167B0900D3494B /* ApplicationsPageLocalization.swift in Sources */ = {isa = PBXBuildFile; fileRef = 904FC0442C167B0900D3494B /* ApplicationsPageLocalization.swift */; };
		904FC0532C167B0900D3494B /* ApplicationsPageLocalization.strings in Resources */ = {isa = PBXBuildFile; fileRef = 904FC0452C167B0900D3494B /* ApplicationsPageLocalization.strings */; };
		904FC0542C167B0900D3494B /* ApplicationsPageRouter.swift in Sources */ = {isa = PBXBuildFile; fileRef = 904FC0472C167B0900D3494B /* ApplicationsPageRouter.swift */; };
		904FC06D2C167B5E00D3494B /* RequestsPageAssembly.swift in Sources */ = {isa = PBXBuildFile; fileRef = 904FC0592C167B5D00D3494B /* RequestsPageAssembly.swift */; };
		904FC06E2C167B5E00D3494B /* RequestsPagePresenter.swift in Sources */ = {isa = PBXBuildFile; fileRef = 904FC05B2C167B5D00D3494B /* RequestsPagePresenter.swift */; };
		904FC06F2C167B5E00D3494B /* RequestsPageNetwork.swift in Sources */ = {isa = PBXBuildFile; fileRef = 904FC05D2C167B5D00D3494B /* RequestsPageNetwork.swift */; };
		904FC0702C167B5E00D3494B /* RequestsPageViewController.swift in Sources */ = {isa = PBXBuildFile; fileRef = 904FC05F2C167B5D00D3494B /* RequestsPageViewController.swift */; };
		904FC0712C167B5E00D3494B /* RequestsPageViewOutput.swift in Sources */ = {isa = PBXBuildFile; fileRef = 904FC0602C167B5D00D3494B /* RequestsPageViewOutput.swift */; };
		904FC0722C167B5E00D3494B /* RequestsPageViewInput.swift in Sources */ = {isa = PBXBuildFile; fileRef = 904FC0612C167B5D00D3494B /* RequestsPageViewInput.swift */; };
		904FC0732C167B5E00D3494B /* RequestsPageData.swift in Sources */ = {isa = PBXBuildFile; fileRef = 904FC0632C167B5D00D3494B /* RequestsPageData.swift */; };
		904FC0742C167B5E00D3494B /* RequestsPageInteractorInput.swift in Sources */ = {isa = PBXBuildFile; fileRef = 904FC0652C167B5D00D3494B /* RequestsPageInteractorInput.swift */; };
		904FC0752C167B5E00D3494B /* RequestsPageInteractorOutput.swift in Sources */ = {isa = PBXBuildFile; fileRef = 904FC0662C167B5D00D3494B /* RequestsPageInteractorOutput.swift */; };
		904FC0762C167B5E00D3494B /* RequestsPageInteractor.swift in Sources */ = {isa = PBXBuildFile; fileRef = 904FC0672C167B5D00D3494B /* RequestsPageInteractor.swift */; };
		904FC0772C167B5E00D3494B /* RequestsPageLocalization.swift in Sources */ = {isa = PBXBuildFile; fileRef = 904FC0692C167B5D00D3494B /* RequestsPageLocalization.swift */; };
		904FC0782C167B5E00D3494B /* RequestsPageLocalization.strings in Resources */ = {isa = PBXBuildFile; fileRef = 904FC06A2C167B5D00D3494B /* RequestsPageLocalization.strings */; };
		904FC0792C167B5E00D3494B /* RequestsPageRouter.swift in Sources */ = {isa = PBXBuildFile; fileRef = 904FC06C2C167B5D00D3494B /* RequestsPageRouter.swift */; };
		904FC0922C1703EF00D3494B /* ProfileAssembly.swift in Sources */ = {isa = PBXBuildFile; fileRef = 904FC07E2C1703EF00D3494B /* ProfileAssembly.swift */; };
		904FC0932C1703EF00D3494B /* ProfilePresenter.swift in Sources */ = {isa = PBXBuildFile; fileRef = 904FC0802C1703EF00D3494B /* ProfilePresenter.swift */; };
		904FC0942C1703EF00D3494B /* ProfileNetwork.swift in Sources */ = {isa = PBXBuildFile; fileRef = 904FC0822C1703EF00D3494B /* ProfileNetwork.swift */; };
		904FC0952C1703EF00D3494B /* ProfileViewInput.swift in Sources */ = {isa = PBXBuildFile; fileRef = 904FC0842C1703EF00D3494B /* ProfileViewInput.swift */; };
		904FC0962C1703EF00D3494B /* ProfileViewOutput.swift in Sources */ = {isa = PBXBuildFile; fileRef = 904FC0852C1703EF00D3494B /* ProfileViewOutput.swift */; };
		904FC0972C1703EF00D3494B /* ProfileViewController.swift in Sources */ = {isa = PBXBuildFile; fileRef = 904FC0862C1703EF00D3494B /* ProfileViewController.swift */; };
		904FC0982C1703EF00D3494B /* ProfileData.swift in Sources */ = {isa = PBXBuildFile; fileRef = 904FC0882C1703EF00D3494B /* ProfileData.swift */; };
		904FC0992C1703EF00D3494B /* ProfileInteractorOutput.swift in Sources */ = {isa = PBXBuildFile; fileRef = 904FC08A2C1703EF00D3494B /* ProfileInteractorOutput.swift */; };
		904FC09A2C1703EF00D3494B /* ProfileInteractorInput.swift in Sources */ = {isa = PBXBuildFile; fileRef = 904FC08B2C1703EF00D3494B /* ProfileInteractorInput.swift */; };
		904FC09B2C1703EF00D3494B /* ProfileInteractor.swift in Sources */ = {isa = PBXBuildFile; fileRef = 904FC08C2C1703EF00D3494B /* ProfileInteractor.swift */; };
		904FC09C2C1703EF00D3494B /* ProfileLocalization.swift in Sources */ = {isa = PBXBuildFile; fileRef = 904FC08E2C1703EF00D3494B /* ProfileLocalization.swift */; };
		904FC09D2C1703EF00D3494B /* ProfileLocalization.strings in Resources */ = {isa = PBXBuildFile; fileRef = 904FC08F2C1703EF00D3494B /* ProfileLocalization.strings */; };
		904FC09E2C1703EF00D3494B /* ProfileRouter.swift in Sources */ = {isa = PBXBuildFile; fileRef = 904FC0912C1703EF00D3494B /* ProfileRouter.swift */; };
		904FC0A02C170B1800D3494B /* TabBar.swift in Sources */ = {isa = PBXBuildFile; fileRef = 904FC09F2C170B1700D3494B /* TabBar.swift */; };
		904FC0A22C170BFD00D3494B /* Constants.swift in Sources */ = {isa = PBXBuildFile; fileRef = 904FC0A12C170BFD00D3494B /* Constants.swift */; };
		904FC0A82C17225000D3494B /* ProfileTableView.swift in Sources */ = {isa = PBXBuildFile; fileRef = 904FC0A72C17225000D3494B /* ProfileTableView.swift */; };
		904FC0AC2C17345600D3494B /* ProfileTableViewCell.swift in Sources */ = {isa = PBXBuildFile; fileRef = 904FC0AB2C17345600D3494B /* ProfileTableViewCell.swift */; };
		904FC0AE2C17425C00D3494B /* CustomSwitcher.swift in Sources */ = {isa = PBXBuildFile; fileRef = 904FC0AD2C17425C00D3494B /* CustomSwitcher.swift */; };
		904FC0B02C17427E00D3494B /* ProfileMenuItem.swift in Sources */ = {isa = PBXBuildFile; fileRef = 904FC0AF2C17427E00D3494B /* ProfileMenuItem.swift */; };
		904FC0B52C17478900D3494B /* UserDataCollectionView.swift in Sources */ = {isa = PBXBuildFile; fileRef = 904FC0B42C17478900D3494B /* UserDataCollectionView.swift */; };
		904FC0B82C174C4100D3494B /* UserDataCollectionViewCell.swift in Sources */ = {isa = PBXBuildFile; fileRef = 904FC0B72C174C4100D3494B /* UserDataCollectionViewCell.swift */; };
		904FC0BD2C19047E00D3494B /* Notification.Name+Extension.swift in Sources */ = {isa = PBXBuildFile; fileRef = 904FC0BC2C19047E00D3494B /* Notification.Name+Extension.swift */; };
		9068A2952C11E7D800FBE63F /* AppDelegate.swift in Sources */ = {isa = PBXBuildFile; fileRef = 9068A2942C11E7D800FBE63F /* AppDelegate.swift */; };
		9068A2972C11E7D800FBE63F /* SceneDelegate.swift in Sources */ = {isa = PBXBuildFile; fileRef = 9068A2962C11E7D800FBE63F /* SceneDelegate.swift */; };
		9068A29E2C11E7DB00FBE63F /* Assets.xcassets in Resources */ = {isa = PBXBuildFile; fileRef = 9068A29D2C11E7DB00FBE63F /* Assets.xcassets */; };
		9068A2A12C11E7DB00FBE63F /* LaunchScreen.storyboard in Resources */ = {isa = PBXBuildFile; fileRef = 9068A29F2C11E7DB00FBE63F /* LaunchScreen.storyboard */; };
/* End PBXBuildFile section */

/* Begin PBXFileReference section */
		904FBF752C15C6D000D3494B /* FriendsAssembly.swift */ = {isa = PBXFileReference; fileEncoding = 4; lastKnownFileType = sourcecode.swift; path = FriendsAssembly.swift; sourceTree = "<group>"; };
		904FBF772C15C6D000D3494B /* FriendsPresenter.swift */ = {isa = PBXFileReference; fileEncoding = 4; lastKnownFileType = sourcecode.swift; path = FriendsPresenter.swift; sourceTree = "<group>"; };
		904FBF792C15C6D000D3494B /* FriendsNetwork.swift */ = {isa = PBXFileReference; fileEncoding = 4; lastKnownFileType = sourcecode.swift; path = FriendsNetwork.swift; sourceTree = "<group>"; };
		904FBF7B2C15C6D000D3494B /* FriendsViewController.swift */ = {isa = PBXFileReference; fileEncoding = 4; lastKnownFileType = sourcecode.swift; path = FriendsViewController.swift; sourceTree = "<group>"; };
		904FBF7C2C15C6D000D3494B /* FriendsViewOutput.swift */ = {isa = PBXFileReference; fileEncoding = 4; lastKnownFileType = sourcecode.swift; path = FriendsViewOutput.swift; sourceTree = "<group>"; };
		904FBF7D2C15C6D000D3494B /* FriendsViewInput.swift */ = {isa = PBXFileReference; fileEncoding = 4; lastKnownFileType = sourcecode.swift; path = FriendsViewInput.swift; sourceTree = "<group>"; };
		904FBF7F2C15C6D000D3494B /* FriendsData.swift */ = {isa = PBXFileReference; fileEncoding = 4; lastKnownFileType = sourcecode.swift; path = FriendsData.swift; sourceTree = "<group>"; };
		904FBF812C15C6D000D3494B /* FriendsInteractor.swift */ = {isa = PBXFileReference; fileEncoding = 4; lastKnownFileType = sourcecode.swift; path = FriendsInteractor.swift; sourceTree = "<group>"; };
		904FBF822C15C6D000D3494B /* FriendsInteractorOutput.swift */ = {isa = PBXFileReference; fileEncoding = 4; lastKnownFileType = sourcecode.swift; path = FriendsInteractorOutput.swift; sourceTree = "<group>"; };
		904FBF832C15C6D000D3494B /* FriendsInteractorInput.swift */ = {isa = PBXFileReference; fileEncoding = 4; lastKnownFileType = sourcecode.swift; path = FriendsInteractorInput.swift; sourceTree = "<group>"; };
		904FBF852C15C6D000D3494B /* FriendsLocalization.strings */ = {isa = PBXFileReference; fileEncoding = 4; lastKnownFileType = text.plist.strings; path = FriendsLocalization.strings; sourceTree = "<group>"; };
		904FBF862C15C6D000D3494B /* FriendsLocalization.swift */ = {isa = PBXFileReference; fileEncoding = 4; lastKnownFileType = sourcecode.swift; path = FriendsLocalization.swift; sourceTree = "<group>"; };
		904FBF882C15C6D000D3494B /* FriendsRouter.swift */ = {isa = PBXFileReference; fileEncoding = 4; lastKnownFileType = sourcecode.swift; path = FriendsRouter.swift; sourceTree = "<group>"; };
		904FBF982C15C77900D3494B /* BaseLocalization.swift */ = {isa = PBXFileReference; lastKnownFileType = sourcecode.swift; path = BaseLocalization.swift; sourceTree = "<group>"; };
		904FBF9A2C15C7B400D3494B /* String+Extension.swift */ = {isa = PBXFileReference; lastKnownFileType = sourcecode.swift; path = "String+Extension.swift"; sourceTree = "<group>"; };
		904FBF9C2C15C7EE00D3494B /* NSObject+Extension.swift */ = {isa = PBXFileReference; lastKnownFileType = sourcecode.swift; path = "NSObject+Extension.swift"; sourceTree = "<group>"; };
		904FBF9E2C15C93400D3494B /* BaseAssembly.swift */ = {isa = PBXFileReference; lastKnownFileType = sourcecode.swift; path = BaseAssembly.swift; sourceTree = "<group>"; };
		904FBFA12C15C9AB00D3494B /* BaseViewController.swift */ = {isa = PBXFileReference; lastKnownFileType = sourcecode.swift; path = BaseViewController.swift; sourceTree = "<group>"; };
		904FBFA32C15D07E00D3494B /* KeyboardService.swift */ = {isa = PBXFileReference; lastKnownFileType = sourcecode.swift; path = KeyboardService.swift; sourceTree = "<group>"; };
		904FBFA52C15D16900D3494B /* UIApplication+Extension.swift */ = {isa = PBXFileReference; lastKnownFileType = sourcecode.swift; path = "UIApplication+Extension.swift"; sourceTree = "<group>"; };
		904FBFA72C15D23B00D3494B /* KeyboardSensitiveConstraints.swift */ = {isa = PBXFileReference; lastKnownFileType = sourcecode.swift; path = KeyboardSensitiveConstraints.swift; sourceTree = "<group>"; };
		904FBFAA2C15D2AC00D3494B /* HeaderViewController.swift */ = {isa = PBXFileReference; lastKnownFileType = sourcecode.swift; path = HeaderViewController.swift; sourceTree = "<group>"; };
		904FBFB62C15D90B00D3494B /* UIViewController+Extension.swift */ = {isa = PBXFileReference; lastKnownFileType = sourcecode.swift; path = "UIViewController+Extension.swift"; sourceTree = "<group>"; };
		904FBFB92C15D9E800D3494B /* BaseInteractor.swift */ = {isa = PBXFileReference; lastKnownFileType = sourcecode.swift; path = BaseInteractor.swift; sourceTree = "<group>"; };
		904FBFBB2C15DA1000D3494B /* BaseInteractorInput.swift */ = {isa = PBXFileReference; lastKnownFileType = sourcecode.swift; path = BaseInteractorInput.swift; sourceTree = "<group>"; };
		904FBFBD2C15DA1F00D3494B /* BaseInteractorOutput.swift */ = {isa = PBXFileReference; lastKnownFileType = sourcecode.swift; path = BaseInteractorOutput.swift; sourceTree = "<group>"; };
		904FBFC02C15DA7700D3494B /* BaseRouter.swift */ = {isa = PBXFileReference; lastKnownFileType = sourcecode.swift; path = BaseRouter.swift; sourceTree = "<group>"; };
		904FBFC22C15DAAD00D3494B /* NavigationProtocol.swift */ = {isa = PBXFileReference; lastKnownFileType = sourcecode.swift; path = NavigationProtocol.swift; sourceTree = "<group>"; };
		904FBFC52C15DB7300D3494B /* BaseViewInput.swift */ = {isa = PBXFileReference; lastKnownFileType = sourcecode.swift; path = BaseViewInput.swift; sourceTree = "<group>"; };
		904FBFC72C15DB8200D3494B /* BaseViewOutput.swift */ = {isa = PBXFileReference; lastKnownFileType = sourcecode.swift; path = BaseViewOutput.swift; sourceTree = "<group>"; };
		904FBFC92C15DBD200D3494B /* BasePresenter.swift */ = {isa = PBXFileReference; lastKnownFileType = sourcecode.swift; path = BasePresenter.swift; sourceTree = "<group>"; };
		904FBFCC2C15DC5800D3494B /* BaseNetwork.swift */ = {isa = PBXFileReference; lastKnownFileType = sourcecode.swift; path = BaseNetwork.swift; sourceTree = "<group>"; };
		904FBFD92C15E19D00D3494B /* Colors.xcassets */ = {isa = PBXFileReference; lastKnownFileType = folder.assetcatalog; path = Colors.xcassets; sourceTree = "<group>"; };
		904FBFDC2C15E78200D3494B /* Pershotravneva55.ttf */ = {isa = PBXFileReference; lastKnownFileType = file; path = Pershotravneva55.ttf; sourceTree = "<group>"; };
		904FBFDF2C15E80D00D3494B /* Fonts.swift */ = {isa = PBXFileReference; lastKnownFileType = sourcecode.swift; path = Fonts.swift; sourceTree = "<group>"; };
		904FBFE22C15E85300D3494B /* BaseFonts.swift */ = {isa = PBXFileReference; lastKnownFileType = sourcecode.swift; path = BaseFonts.swift; sourceTree = "<group>"; };
		904FBFE42C15EFA900D3494B /* Ubuntu-Medium.ttf */ = {isa = PBXFileReference; lastKnownFileType = file; path = "Ubuntu-Medium.ttf"; sourceTree = "<group>"; };
		904FBFE52C15EFA900D3494B /* PTSansCaption-Regular.ttf */ = {isa = PBXFileReference; lastKnownFileType = file; path = "PTSansCaption-Regular.ttf"; sourceTree = "<group>"; };
		904FBFE62C15EFAA00D3494B /* Ubuntu-Bold.ttf */ = {isa = PBXFileReference; lastKnownFileType = file; path = "Ubuntu-Bold.ttf"; sourceTree = "<group>"; };
		904FBFE82C15EFAA00D3494B /* Ubuntu-Regular.ttf */ = {isa = PBXFileReference; lastKnownFileType = file; path = "Ubuntu-Regular.ttf"; sourceTree = "<group>"; };
		904FBFEE2C16139200D3494B /* SegmentedButtonsView.swift */ = {isa = PBXFileReference; lastKnownFileType = sourcecode.swift; path = SegmentedButtonsView.swift; sourceTree = "<group>"; };
		904FBFF02C161EE600D3494B /* SegmentedButton.swift */ = {isa = PBXFileReference; lastKnownFileType = sourcecode.swift; path = SegmentedButton.swift; sourceTree = "<group>"; };
		904FBFF42C1629DA00D3494B /* TabBarController.swift */ = {isa = PBXFileReference; lastKnownFileType = sourcecode.swift; path = TabBarController.swift; sourceTree = "<group>"; };
		904FBFF92C162A7F00D3494B /* en */ = {isa = PBXFileReference; lastKnownFileType = text.plist.strings; name = en; path = en.lproj/Localizable.strings; sourceTree = "<group>"; };
		904FBFFA2C162A7F00D3494B /* ru */ = {isa = PBXFileReference; lastKnownFileType = text.plist.strings; name = ru; path = ru.lproj/Localizable.strings; sourceTree = "<group>"; };
		904FBFFC2C162A7F00D3494B /* ErrorLocalizable.strings */ = {isa = PBXFileReference; fileEncoding = 4; lastKnownFileType = text.plist.strings; path = ErrorLocalizable.strings; sourceTree = "<group>"; };
		904FBFFD2C162A7F00D3494B /* Localizable.swift */ = {isa = PBXFileReference; fileEncoding = 4; lastKnownFileType = sourcecode.swift; path = Localizable.swift; sourceTree = "<group>"; };
		904FC0012C1630FD00D3494B /* UIImage+Extension.swift */ = {isa = PBXFileReference; lastKnownFileType = sourcecode.swift; path = "UIImage+Extension.swift"; sourceTree = "<group>"; };
		904FC0032C1633FF00D3494B /* UIView+Extension.swift */ = {isa = PBXFileReference; lastKnownFileType = sourcecode.swift; path = "UIView+Extension.swift"; sourceTree = "<group>"; };
		904FC0052C16596600D3494B /* Images.swift */ = {isa = PBXFileReference; lastKnownFileType = sourcecode.swift; path = Images.swift; sourceTree = "<group>"; };
		904FC0082C165B3400D3494B /* TabBarItemType.swift */ = {isa = PBXFileReference; lastKnownFileType = sourcecode.swift; path = TabBarItemType.swift; sourceTree = "<group>"; };
		904FC00F2C167A8B00D3494B /* FriendsPageAssembly.swift */ = {isa = PBXFileReference; fileEncoding = 4; lastKnownFileType = sourcecode.swift; path = FriendsPageAssembly.swift; sourceTree = "<group>"; };
		904FC0112C167A8B00D3494B /* FriendsPagePresenter.swift */ = {isa = PBXFileReference; fileEncoding = 4; lastKnownFileType = sourcecode.swift; path = FriendsPagePresenter.swift; sourceTree = "<group>"; };
		904FC0132C167A8B00D3494B /* FriendsPageNetwork.swift */ = {isa = PBXFileReference; fileEncoding = 4; lastKnownFileType = sourcecode.swift; path = FriendsPageNetwork.swift; sourceTree = "<group>"; };
		904FC0152C167A8B00D3494B /* FriendsPageViewInput.swift */ = {isa = PBXFileReference; fileEncoding = 4; lastKnownFileType = sourcecode.swift; path = FriendsPageViewInput.swift; sourceTree = "<group>"; };
		904FC0162C167A8B00D3494B /* FriendsPageViewOutput.swift */ = {isa = PBXFileReference; fileEncoding = 4; lastKnownFileType = sourcecode.swift; path = FriendsPageViewOutput.swift; sourceTree = "<group>"; };
		904FC0172C167A8B00D3494B /* FriendsPageViewController.swift */ = {isa = PBXFileReference; fileEncoding = 4; lastKnownFileType = sourcecode.swift; path = FriendsPageViewController.swift; sourceTree = "<group>"; };
		904FC0192C167A8B00D3494B /* FriendsPageData.swift */ = {isa = PBXFileReference; fileEncoding = 4; lastKnownFileType = sourcecode.swift; path = FriendsPageData.swift; sourceTree = "<group>"; };
		904FC01B2C167A8B00D3494B /* FriendsPageInteractor.swift */ = {isa = PBXFileReference; fileEncoding = 4; lastKnownFileType = sourcecode.swift; path = FriendsPageInteractor.swift; sourceTree = "<group>"; };
		904FC01C2C167A8B00D3494B /* FriendsPageInteractorInput.swift */ = {isa = PBXFileReference; fileEncoding = 4; lastKnownFileType = sourcecode.swift; path = FriendsPageInteractorInput.swift; sourceTree = "<group>"; };
		904FC01D2C167A8B00D3494B /* FriendsPageInteractorOutput.swift */ = {isa = PBXFileReference; fileEncoding = 4; lastKnownFileType = sourcecode.swift; path = FriendsPageInteractorOutput.swift; sourceTree = "<group>"; };
		904FC01F2C167A8B00D3494B /* FriendsPageLocalization.swift */ = {isa = PBXFileReference; fileEncoding = 4; lastKnownFileType = sourcecode.swift; path = FriendsPageLocalization.swift; sourceTree = "<group>"; };
		904FC0202C167A8B00D3494B /* FriendsPageLocalization.strings */ = {isa = PBXFileReference; fileEncoding = 4; lastKnownFileType = text.plist.strings; path = FriendsPageLocalization.strings; sourceTree = "<group>"; };
		904FC0222C167A8B00D3494B /* FriendsPageRouter.swift */ = {isa = PBXFileReference; fileEncoding = 4; lastKnownFileType = sourcecode.swift; path = FriendsPageRouter.swift; sourceTree = "<group>"; };
		904FC0342C167B0900D3494B /* ApplicationsPageAssembly.swift */ = {isa = PBXFileReference; fileEncoding = 4; lastKnownFileType = sourcecode.swift; path = ApplicationsPageAssembly.swift; sourceTree = "<group>"; };
		904FC0362C167B0900D3494B /* ApplicationsPagePresenter.swift */ = {isa = PBXFileReference; fileEncoding = 4; lastKnownFileType = sourcecode.swift; path = ApplicationsPagePresenter.swift; sourceTree = "<group>"; };
		904FC0382C167B0900D3494B /* ApplicationsPageNetwork.swift */ = {isa = PBXFileReference; fileEncoding = 4; lastKnownFileType = sourcecode.swift; path = ApplicationsPageNetwork.swift; sourceTree = "<group>"; };
		904FC03A2C167B0900D3494B /* ApplicationsPageViewInput.swift */ = {isa = PBXFileReference; fileEncoding = 4; lastKnownFileType = sourcecode.swift; path = ApplicationsPageViewInput.swift; sourceTree = "<group>"; };
		904FC03B2C167B0900D3494B /* ApplicationsPageViewOutput.swift */ = {isa = PBXFileReference; fileEncoding = 4; lastKnownFileType = sourcecode.swift; path = ApplicationsPageViewOutput.swift; sourceTree = "<group>"; };
		904FC03C2C167B0900D3494B /* ApplicationsPageViewController.swift */ = {isa = PBXFileReference; fileEncoding = 4; lastKnownFileType = sourcecode.swift; path = ApplicationsPageViewController.swift; sourceTree = "<group>"; };
		904FC03E2C167B0900D3494B /* ApplicationsPageData.swift */ = {isa = PBXFileReference; fileEncoding = 4; lastKnownFileType = sourcecode.swift; path = ApplicationsPageData.swift; sourceTree = "<group>"; };
		904FC0402C167B0900D3494B /* ApplicationsPageInteractor.swift */ = {isa = PBXFileReference; fileEncoding = 4; lastKnownFileType = sourcecode.swift; path = ApplicationsPageInteractor.swift; sourceTree = "<group>"; };
		904FC0412C167B0900D3494B /* ApplicationsPageInteractorInput.swift */ = {isa = PBXFileReference; fileEncoding = 4; lastKnownFileType = sourcecode.swift; path = ApplicationsPageInteractorInput.swift; sourceTree = "<group>"; };
		904FC0422C167B0900D3494B /* ApplicationsPageInteractorOutput.swift */ = {isa = PBXFileReference; fileEncoding = 4; lastKnownFileType = sourcecode.swift; path = ApplicationsPageInteractorOutput.swift; sourceTree = "<group>"; };
		904FC0442C167B0900D3494B /* ApplicationsPageLocalization.swift */ = {isa = PBXFileReference; fileEncoding = 4; lastKnownFileType = sourcecode.swift; path = ApplicationsPageLocalization.swift; sourceTree = "<group>"; };
		904FC0452C167B0900D3494B /* ApplicationsPageLocalization.strings */ = {isa = PBXFileReference; fileEncoding = 4; lastKnownFileType = text.plist.strings; path = ApplicationsPageLocalization.strings; sourceTree = "<group>"; };
		904FC0472C167B0900D3494B /* ApplicationsPageRouter.swift */ = {isa = PBXFileReference; fileEncoding = 4; lastKnownFileType = sourcecode.swift; path = ApplicationsPageRouter.swift; sourceTree = "<group>"; };
		904FC0592C167B5D00D3494B /* RequestsPageAssembly.swift */ = {isa = PBXFileReference; fileEncoding = 4; lastKnownFileType = sourcecode.swift; path = RequestsPageAssembly.swift; sourceTree = "<group>"; };
		904FC05B2C167B5D00D3494B /* RequestsPagePresenter.swift */ = {isa = PBXFileReference; fileEncoding = 4; lastKnownFileType = sourcecode.swift; path = RequestsPagePresenter.swift; sourceTree = "<group>"; };
		904FC05D2C167B5D00D3494B /* RequestsPageNetwork.swift */ = {isa = PBXFileReference; fileEncoding = 4; lastKnownFileType = sourcecode.swift; path = RequestsPageNetwork.swift; sourceTree = "<group>"; };
		904FC05F2C167B5D00D3494B /* RequestsPageViewController.swift */ = {isa = PBXFileReference; fileEncoding = 4; lastKnownFileType = sourcecode.swift; path = RequestsPageViewController.swift; sourceTree = "<group>"; };
		904FC0602C167B5D00D3494B /* RequestsPageViewOutput.swift */ = {isa = PBXFileReference; fileEncoding = 4; lastKnownFileType = sourcecode.swift; path = RequestsPageViewOutput.swift; sourceTree = "<group>"; };
		904FC0612C167B5D00D3494B /* RequestsPageViewInput.swift */ = {isa = PBXFileReference; fileEncoding = 4; lastKnownFileType = sourcecode.swift; path = RequestsPageViewInput.swift; sourceTree = "<group>"; };
		904FC0632C167B5D00D3494B /* RequestsPageData.swift */ = {isa = PBXFileReference; fileEncoding = 4; lastKnownFileType = sourcecode.swift; path = RequestsPageData.swift; sourceTree = "<group>"; };
		904FC0652C167B5D00D3494B /* RequestsPageInteractorInput.swift */ = {isa = PBXFileReference; fileEncoding = 4; lastKnownFileType = sourcecode.swift; path = RequestsPageInteractorInput.swift; sourceTree = "<group>"; };
		904FC0662C167B5D00D3494B /* RequestsPageInteractorOutput.swift */ = {isa = PBXFileReference; fileEncoding = 4; lastKnownFileType = sourcecode.swift; path = RequestsPageInteractorOutput.swift; sourceTree = "<group>"; };
		904FC0672C167B5D00D3494B /* RequestsPageInteractor.swift */ = {isa = PBXFileReference; fileEncoding = 4; lastKnownFileType = sourcecode.swift; path = RequestsPageInteractor.swift; sourceTree = "<group>"; };
		904FC0692C167B5D00D3494B /* RequestsPageLocalization.swift */ = {isa = PBXFileReference; fileEncoding = 4; lastKnownFileType = sourcecode.swift; path = RequestsPageLocalization.swift; sourceTree = "<group>"; };
		904FC06A2C167B5D00D3494B /* RequestsPageLocalization.strings */ = {isa = PBXFileReference; fileEncoding = 4; lastKnownFileType = text.plist.strings; path = RequestsPageLocalization.strings; sourceTree = "<group>"; };
		904FC06C2C167B5D00D3494B /* RequestsPageRouter.swift */ = {isa = PBXFileReference; fileEncoding = 4; lastKnownFileType = sourcecode.swift; path = RequestsPageRouter.swift; sourceTree = "<group>"; };
		904FC07E2C1703EF00D3494B /* ProfileAssembly.swift */ = {isa = PBXFileReference; fileEncoding = 4; lastKnownFileType = sourcecode.swift; path = ProfileAssembly.swift; sourceTree = "<group>"; };
		904FC0802C1703EF00D3494B /* ProfilePresenter.swift */ = {isa = PBXFileReference; fileEncoding = 4; lastKnownFileType = sourcecode.swift; path = ProfilePresenter.swift; sourceTree = "<group>"; };
		904FC0822C1703EF00D3494B /* ProfileNetwork.swift */ = {isa = PBXFileReference; fileEncoding = 4; lastKnownFileType = sourcecode.swift; path = ProfileNetwork.swift; sourceTree = "<group>"; };
		904FC0842C1703EF00D3494B /* ProfileViewInput.swift */ = {isa = PBXFileReference; fileEncoding = 4; lastKnownFileType = sourcecode.swift; path = ProfileViewInput.swift; sourceTree = "<group>"; };
		904FC0852C1703EF00D3494B /* ProfileViewOutput.swift */ = {isa = PBXFileReference; fileEncoding = 4; lastKnownFileType = sourcecode.swift; path = ProfileViewOutput.swift; sourceTree = "<group>"; };
		904FC0862C1703EF00D3494B /* ProfileViewController.swift */ = {isa = PBXFileReference; fileEncoding = 4; lastKnownFileType = sourcecode.swift; path = ProfileViewController.swift; sourceTree = "<group>"; };
		904FC0882C1703EF00D3494B /* ProfileData.swift */ = {isa = PBXFileReference; fileEncoding = 4; lastKnownFileType = sourcecode.swift; path = ProfileData.swift; sourceTree = "<group>"; };
		904FC08A2C1703EF00D3494B /* ProfileInteractorOutput.swift */ = {isa = PBXFileReference; fileEncoding = 4; lastKnownFileType = sourcecode.swift; path = ProfileInteractorOutput.swift; sourceTree = "<group>"; };
		904FC08B2C1703EF00D3494B /* ProfileInteractorInput.swift */ = {isa = PBXFileReference; fileEncoding = 4; lastKnownFileType = sourcecode.swift; path = ProfileInteractorInput.swift; sourceTree = "<group>"; };
		904FC08C2C1703EF00D3494B /* ProfileInteractor.swift */ = {isa = PBXFileReference; fileEncoding = 4; lastKnownFileType = sourcecode.swift; path = ProfileInteractor.swift; sourceTree = "<group>"; };
		904FC08E2C1703EF00D3494B /* ProfileLocalization.swift */ = {isa = PBXFileReference; fileEncoding = 4; lastKnownFileType = sourcecode.swift; path = ProfileLocalization.swift; sourceTree = "<group>"; };
		904FC08F2C1703EF00D3494B /* ProfileLocalization.strings */ = {isa = PBXFileReference; fileEncoding = 4; lastKnownFileType = text.plist.strings; path = ProfileLocalization.strings; sourceTree = "<group>"; };
		904FC0912C1703EF00D3494B /* ProfileRouter.swift */ = {isa = PBXFileReference; fileEncoding = 4; lastKnownFileType = sourcecode.swift; path = ProfileRouter.swift; sourceTree = "<group>"; };
		904FC09F2C170B1700D3494B /* TabBar.swift */ = {isa = PBXFileReference; lastKnownFileType = sourcecode.swift; path = TabBar.swift; sourceTree = "<group>"; };
		904FC0A12C170BFD00D3494B /* Constants.swift */ = {isa = PBXFileReference; lastKnownFileType = sourcecode.swift; path = Constants.swift; sourceTree = "<group>"; };
		904FC0A72C17225000D3494B /* ProfileTableView.swift */ = {isa = PBXFileReference; lastKnownFileType = sourcecode.swift; path = ProfileTableView.swift; sourceTree = "<group>"; };
		904FC0AB2C17345600D3494B /* ProfileTableViewCell.swift */ = {isa = PBXFileReference; lastKnownFileType = sourcecode.swift; path = ProfileTableViewCell.swift; sourceTree = "<group>"; };
		904FC0AD2C17425C00D3494B /* CustomSwitcher.swift */ = {isa = PBXFileReference; lastKnownFileType = sourcecode.swift; path = CustomSwitcher.swift; sourceTree = "<group>"; };
		904FC0AF2C17427E00D3494B /* ProfileMenuItem.swift */ = {isa = PBXFileReference; lastKnownFileType = sourcecode.swift; path = ProfileMenuItem.swift; sourceTree = "<group>"; };
		904FC0B42C17478900D3494B /* UserDataCollectionView.swift */ = {isa = PBXFileReference; lastKnownFileType = sourcecode.swift; path = UserDataCollectionView.swift; sourceTree = "<group>"; };
		904FC0B72C174C4100D3494B /* UserDataCollectionViewCell.swift */ = {isa = PBXFileReference; lastKnownFileType = sourcecode.swift; path = UserDataCollectionViewCell.swift; sourceTree = "<group>"; };
		904FC0BC2C19047E00D3494B /* Notification.Name+Extension.swift */ = {isa = PBXFileReference; lastKnownFileType = sourcecode.swift; path = "Notification.Name+Extension.swift"; sourceTree = "<group>"; };
		9068A2912C11E7D800FBE63F /* WishHub.app */ = {isa = PBXFileReference; explicitFileType = wrapper.application; includeInIndex = 0; path = WishHub.app; sourceTree = BUILT_PRODUCTS_DIR; };
		9068A2942C11E7D800FBE63F /* AppDelegate.swift */ = {isa = PBXFileReference; lastKnownFileType = sourcecode.swift; path = AppDelegate.swift; sourceTree = "<group>"; };
		9068A2962C11E7D800FBE63F /* SceneDelegate.swift */ = {isa = PBXFileReference; lastKnownFileType = sourcecode.swift; path = SceneDelegate.swift; sourceTree = "<group>"; };
		9068A29D2C11E7DB00FBE63F /* Assets.xcassets */ = {isa = PBXFileReference; lastKnownFileType = folder.assetcatalog; path = Assets.xcassets; sourceTree = "<group>"; };
		9068A2A02C11E7DB00FBE63F /* Base */ = {isa = PBXFileReference; lastKnownFileType = file.storyboard; name = Base; path = Base.lproj/LaunchScreen.storyboard; sourceTree = "<group>"; };
		9068A2A22C11E7DB00FBE63F /* Info.plist */ = {isa = PBXFileReference; lastKnownFileType = text.plist.xml; path = Info.plist; sourceTree = "<group>"; };
		9068A2A92C11E80200FBE63F /* ru */ = {isa = PBXFileReference; lastKnownFileType = text.plist.strings; name = ru; path = ru.lproj/LaunchScreen.strings; sourceTree = "<group>"; };
/* End PBXFileReference section */

/* Begin PBXFrameworksBuildPhase section */
		9068A28E2C11E7D800FBE63F /* Frameworks */ = {
			isa = PBXFrameworksBuildPhase;
			buildActionMask = 2147483647;
			files = (
				904FBFAE2C15D2F800D3494B /* SnapKit in Frameworks */,
				904FBFB02C15D2F800D3494B /* SnapKit-Dynamic in Frameworks */,
			);
			runOnlyForDeploymentPostprocessing = 0;
		};
/* End PBXFrameworksBuildPhase section */

/* Begin PBXGroup section */
		904FBF6E2C15C59B00D3494B /* App */ = {
			isa = PBXGroup;
			children = (
				9068A2942C11E7D800FBE63F /* AppDelegate.swift */,
				9068A2962C11E7D800FBE63F /* SceneDelegate.swift */,
			);
			path = App;
			sourceTree = "<group>";
		};
		904FBF6F2C15C5A500D3494B /* Screens */ = {
			isa = PBXGroup;
			children = (
				904FBF732C15C6D000D3494B /* Friends */,
				904FC00A2C1679BB00D3494B /* FriendsSubscreens */,
				904FC07C2C1703EF00D3494B /* Profile */,
			);
			path = Screens;
			sourceTree = "<group>";
		};
		904FBF702C15C5DE00D3494B /* Resources */ = {
			isa = PBXGroup;
			children = (
				904FBFDB2C15E77300D3494B /* Fonts */,
				9068A29D2C11E7DB00FBE63F /* Assets.xcassets */,
				904FBFD92C15E19D00D3494B /* Colors.xcassets */,
			);
			path = Resources;
			sourceTree = "<group>";
		};
		904FBF732C15C6D000D3494B /* Friends */ = {
			isa = PBXGroup;
			children = (
				904FBF742C15C6D000D3494B /* Assembly */,
				904FBF7E2C15C6D000D3494B /* Data */,
				904FBF842C15C6D000D3494B /* Localization */,
				904FBF782C15C6D000D3494B /* Network */,
				904FBF802C15C6D000D3494B /* Interactor */,
				904FBF872C15C6D000D3494B /* Router */,
				904FBF762C15C6D000D3494B /* Presenter */,
				904FBF7A2C15C6D000D3494B /* View */,
			);
			path = Friends;
			sourceTree = "<group>";
		};
		904FBF742C15C6D000D3494B /* Assembly */ = {
			isa = PBXGroup;
			children = (
				904FBF752C15C6D000D3494B /* FriendsAssembly.swift */,
			);
			path = Assembly;
			sourceTree = "<group>";
		};
		904FBF762C15C6D000D3494B /* Presenter */ = {
			isa = PBXGroup;
			children = (
				904FBF772C15C6D000D3494B /* FriendsPresenter.swift */,
			);
			path = Presenter;
			sourceTree = "<group>";
		};
		904FBF782C15C6D000D3494B /* Network */ = {
			isa = PBXGroup;
			children = (
				904FBF792C15C6D000D3494B /* FriendsNetwork.swift */,
			);
			path = Network;
			sourceTree = "<group>";
		};
		904FBF7A2C15C6D000D3494B /* View */ = {
			isa = PBXGroup;
			children = (
				904FBF7C2C15C6D000D3494B /* FriendsViewOutput.swift */,
				904FBF7D2C15C6D000D3494B /* FriendsViewInput.swift */,
				904FBF7B2C15C6D000D3494B /* FriendsViewController.swift */,
			);
			path = View;
			sourceTree = "<group>";
		};
		904FBF7E2C15C6D000D3494B /* Data */ = {
			isa = PBXGroup;
			children = (
				904FBF7F2C15C6D000D3494B /* FriendsData.swift */,
			);
			path = Data;
			sourceTree = "<group>";
		};
		904FBF802C15C6D000D3494B /* Interactor */ = {
			isa = PBXGroup;
			children = (
				904FBF812C15C6D000D3494B /* FriendsInteractor.swift */,
				904FBF822C15C6D000D3494B /* FriendsInteractorOutput.swift */,
				904FBF832C15C6D000D3494B /* FriendsInteractorInput.swift */,
			);
			path = Interactor;
			sourceTree = "<group>";
		};
		904FBF842C15C6D000D3494B /* Localization */ = {
			isa = PBXGroup;
			children = (
				904FBF852C15C6D000D3494B /* FriendsLocalization.strings */,
				904FBF862C15C6D000D3494B /* FriendsLocalization.swift */,
			);
			path = Localization;
			sourceTree = "<group>";
		};
		904FBF872C15C6D000D3494B /* Router */ = {
			isa = PBXGroup;
			children = (
				904FBF882C15C6D000D3494B /* FriendsRouter.swift */,
			);
			path = Router;
			sourceTree = "<group>";
		};
		904FBF962C15C72100D3494B /* Extensions */ = {
			isa = PBXGroup;
			children = (
				904FC0032C1633FF00D3494B /* UIView+Extension.swift */,
				904FBF9A2C15C7B400D3494B /* String+Extension.swift */,
				904FC0012C1630FD00D3494B /* UIImage+Extension.swift */,
				904FBFB62C15D90B00D3494B /* UIViewController+Extension.swift */,
				904FBF9C2C15C7EE00D3494B /* NSObject+Extension.swift */,
				904FBFA52C15D16900D3494B /* UIApplication+Extension.swift */,
				904FC0BC2C19047E00D3494B /* Notification.Name+Extension.swift */,
			);
			path = Extensions;
			sourceTree = "<group>";
		};
		904FBF972C15C75B00D3494B /* Architecture */ = {
			isa = PBXGroup;
			children = (
				904FBFF32C1629CC00D3494B /* Navigation */,
				904FBFE12C15E84500D3494B /* Fonts */,
				904FBFCB2C15DC4B00D3494B /* Network */,
				904FBFA02C15C9A100D3494B /* View */,
				904FBFB82C15D9D900D3494B /* Interactor */,
				904FBFBF2C15DA6C00D3494B /* Router */,
				904FBFC42C15DB2800D3494B /* Other */,
				904FC0052C16596600D3494B /* Images.swift */,
			);
			path = Architecture;
			sourceTree = "<group>";
		};
		904FBFA02C15C9A100D3494B /* View */ = {
			isa = PBXGroup;
			children = (
				904FBFA12C15C9AB00D3494B /* BaseViewController.swift */,
				904FBFA32C15D07E00D3494B /* KeyboardService.swift */,
				904FBFA72C15D23B00D3494B /* KeyboardSensitiveConstraints.swift */,
				904FBFC52C15DB7300D3494B /* BaseViewInput.swift */,
				904FBFC72C15DB8200D3494B /* BaseViewOutput.swift */,
			);
			path = View;
			sourceTree = "<group>";
		};
		904FBFA92C15D29E00D3494B /* BaseViews */ = {
			isa = PBXGroup;
			children = (
				904FBFAA2C15D2AC00D3494B /* HeaderViewController.swift */,
			);
			path = BaseViews;
			sourceTree = "<group>";
		};
		904FBFB82C15D9D900D3494B /* Interactor */ = {
			isa = PBXGroup;
			children = (
				904FBFB92C15D9E800D3494B /* BaseInteractor.swift */,
				904FBFBB2C15DA1000D3494B /* BaseInteractorInput.swift */,
				904FBFBD2C15DA1F00D3494B /* BaseInteractorOutput.swift */,
			);
			path = Interactor;
			sourceTree = "<group>";
		};
		904FBFBF2C15DA6C00D3494B /* Router */ = {
			isa = PBXGroup;
			children = (
				904FBFC02C15DA7700D3494B /* BaseRouter.swift */,
				904FBFC22C15DAAD00D3494B /* NavigationProtocol.swift */,
			);
			path = Router;
			sourceTree = "<group>";
		};
		904FBFC42C15DB2800D3494B /* Other */ = {
			isa = PBXGroup;
			children = (
				904FBF9E2C15C93400D3494B /* BaseAssembly.swift */,
				904FBF982C15C77900D3494B /* BaseLocalization.swift */,
				904FBFC92C15DBD200D3494B /* BasePresenter.swift */,
			);
			path = Other;
			sourceTree = "<group>";
		};
		904FBFCB2C15DC4B00D3494B /* Network */ = {
			isa = PBXGroup;
			children = (
				904FBFCC2C15DC5800D3494B /* BaseNetwork.swift */,
			);
			path = Network;
			sourceTree = "<group>";
		};
		904FBFDB2C15E77300D3494B /* Fonts */ = {
			isa = PBXGroup;
			children = (
				904FBFE52C15EFA900D3494B /* PTSansCaption-Regular.ttf */,
				904FBFE62C15EFAA00D3494B /* Ubuntu-Bold.ttf */,
				904FBFE42C15EFA900D3494B /* Ubuntu-Medium.ttf */,
				904FBFE82C15EFAA00D3494B /* Ubuntu-Regular.ttf */,
				904FBFDC2C15E78200D3494B /* Pershotravneva55.ttf */,
			);
			path = Fonts;
			sourceTree = "<group>";
		};
		904FBFDE2C15E7F100D3494B /* CustomViews */ = {
			isa = PBXGroup;
			children = (
				904FC0B92C17669B00D3494B /* Views */,
				904FC0BA2C1766A000D3494B /* Buttons */,
				904FC0B22C17474F00D3494B /* CollectionViews */,
				904FC0B12C17474800D3494B /* TableViews */,
				904FC0BB2C1766AA00D3494B /* Other */,
			);
			path = CustomViews;
			sourceTree = "<group>";
		};
		904FBFE12C15E84500D3494B /* Fonts */ = {
			isa = PBXGroup;
			children = (
				904FBFE22C15E85300D3494B /* BaseFonts.swift */,
				904FBFDF2C15E80D00D3494B /* Fonts.swift */,
			);
			path = Fonts;
			sourceTree = "<group>";
		};
		904FBFF32C1629CC00D3494B /* Navigation */ = {
			isa = PBXGroup;
			children = (
				904FBFF42C1629DA00D3494B /* TabBarController.swift */,
				904FC09F2C170B1700D3494B /* TabBar.swift */,
			);
			path = Navigation;
			sourceTree = "<group>";
		};
		904FBFF62C162A3B00D3494B /* Constants */ = {
			isa = PBXGroup;
			children = (
				904FC0A12C170BFD00D3494B /* Constants.swift */,
			);
			path = Constants;
			sourceTree = "<group>";
		};
		904FBFF72C162A7F00D3494B /* Localization */ = {
			isa = PBXGroup;
			children = (
				904FBFF82C162A7F00D3494B /* Localizable.strings */,
				904FBFFB2C162A7F00D3494B /* Errors */,
				904FBFFD2C162A7F00D3494B /* Localizable.swift */,
			);
			path = Localization;
			sourceTree = "<group>";
		};
		904FBFFB2C162A7F00D3494B /* Errors */ = {
			isa = PBXGroup;
			children = (
				904FBFFC2C162A7F00D3494B /* ErrorLocalizable.strings */,
			);
			path = Errors;
			sourceTree = "<group>";
		};
		904FC0072C165B2200D3494B /* Models */ = {
			isa = PBXGroup;
			children = (
				904FC0082C165B3400D3494B /* TabBarItemType.swift */,
				904FC0AF2C17427E00D3494B /* ProfileMenuItem.swift */,
			);
			path = Models;
			sourceTree = "<group>";
		};
		904FC00A2C1679BB00D3494B /* FriendsSubscreens */ = {
			isa = PBXGroup;
			children = (
				904FC00D2C167A8B00D3494B /* FriendsPage */,
				904FC0322C167B0900D3494B /* ApplicationsPage */,
				904FC0572C167B5D00D3494B /* RequestsPage */,
			);
			path = FriendsSubscreens;
			sourceTree = "<group>";
		};
		904FC00D2C167A8B00D3494B /* FriendsPage */ = {
			isa = PBXGroup;
			children = (
				904FC00E2C167A8B00D3494B /* Assembly */,
				904FC0182C167A8B00D3494B /* Data */,
				904FC01E2C167A8B00D3494B /* Localization */,
				904FC0122C167A8B00D3494B /* Network */,
				904FC01A2C167A8B00D3494B /* Interactor */,
				904FC0212C167A8B00D3494B /* Router */,
				904FC0102C167A8B00D3494B /* Presenter */,
				904FC0142C167A8B00D3494B /* View */,
			);
			path = FriendsPage;
			sourceTree = "<group>";
		};
		904FC00E2C167A8B00D3494B /* Assembly */ = {
			isa = PBXGroup;
			children = (
				904FC00F2C167A8B00D3494B /* FriendsPageAssembly.swift */,
			);
			path = Assembly;
			sourceTree = "<group>";
		};
		904FC0102C167A8B00D3494B /* Presenter */ = {
			isa = PBXGroup;
			children = (
				904FC0112C167A8B00D3494B /* FriendsPagePresenter.swift */,
			);
			path = Presenter;
			sourceTree = "<group>";
		};
		904FC0122C167A8B00D3494B /* Network */ = {
			isa = PBXGroup;
			children = (
				904FC0132C167A8B00D3494B /* FriendsPageNetwork.swift */,
			);
			path = Network;
			sourceTree = "<group>";
		};
		904FC0142C167A8B00D3494B /* View */ = {
			isa = PBXGroup;
			children = (
				904FC0152C167A8B00D3494B /* FriendsPageViewInput.swift */,
				904FC0162C167A8B00D3494B /* FriendsPageViewOutput.swift */,
				904FC0172C167A8B00D3494B /* FriendsPageViewController.swift */,
			);
			path = View;
			sourceTree = "<group>";
		};
		904FC0182C167A8B00D3494B /* Data */ = {
			isa = PBXGroup;
			children = (
				904FC0192C167A8B00D3494B /* FriendsPageData.swift */,
			);
			path = Data;
			sourceTree = "<group>";
		};
		904FC01A2C167A8B00D3494B /* Interactor */ = {
			isa = PBXGroup;
			children = (
				904FC01B2C167A8B00D3494B /* FriendsPageInteractor.swift */,
				904FC01C2C167A8B00D3494B /* FriendsPageInteractorInput.swift */,
				904FC01D2C167A8B00D3494B /* FriendsPageInteractorOutput.swift */,
			);
			path = Interactor;
			sourceTree = "<group>";
		};
		904FC01E2C167A8B00D3494B /* Localization */ = {
			isa = PBXGroup;
			children = (
				904FC01F2C167A8B00D3494B /* FriendsPageLocalization.swift */,
				904FC0202C167A8B00D3494B /* FriendsPageLocalization.strings */,
			);
			path = Localization;
			sourceTree = "<group>";
		};
		904FC0212C167A8B00D3494B /* Router */ = {
			isa = PBXGroup;
			children = (
				904FC0222C167A8B00D3494B /* FriendsPageRouter.swift */,
			);
			path = Router;
			sourceTree = "<group>";
		};
		904FC0322C167B0900D3494B /* ApplicationsPage */ = {
			isa = PBXGroup;
			children = (
				904FC0332C167B0900D3494B /* Assembly */,
				904FC03D2C167B0900D3494B /* Data */,
				904FC0432C167B0900D3494B /* Localization */,
				904FC0372C167B0900D3494B /* Network */,
				904FC03F2C167B0900D3494B /* Interactor */,
				904FC0462C167B0900D3494B /* Router */,
				904FC0352C167B0900D3494B /* Presenter */,
				904FC0392C167B0900D3494B /* View */,
			);
			path = ApplicationsPage;
			sourceTree = "<group>";
		};
		904FC0332C167B0900D3494B /* Assembly */ = {
			isa = PBXGroup;
			children = (
				904FC0342C167B0900D3494B /* ApplicationsPageAssembly.swift */,
			);
			path = Assembly;
			sourceTree = "<group>";
		};
		904FC0352C167B0900D3494B /* Presenter */ = {
			isa = PBXGroup;
			children = (
				904FC0362C167B0900D3494B /* ApplicationsPagePresenter.swift */,
			);
			path = Presenter;
			sourceTree = "<group>";
		};
		904FC0372C167B0900D3494B /* Network */ = {
			isa = PBXGroup;
			children = (
				904FC0382C167B0900D3494B /* ApplicationsPageNetwork.swift */,
			);
			path = Network;
			sourceTree = "<group>";
		};
		904FC0392C167B0900D3494B /* View */ = {
			isa = PBXGroup;
			children = (
				904FC03A2C167B0900D3494B /* ApplicationsPageViewInput.swift */,
				904FC03B2C167B0900D3494B /* ApplicationsPageViewOutput.swift */,
				904FC03C2C167B0900D3494B /* ApplicationsPageViewController.swift */,
			);
			path = View;
			sourceTree = "<group>";
		};
		904FC03D2C167B0900D3494B /* Data */ = {
			isa = PBXGroup;
			children = (
				904FC03E2C167B0900D3494B /* ApplicationsPageData.swift */,
			);
			path = Data;
			sourceTree = "<group>";
		};
		904FC03F2C167B0900D3494B /* Interactor */ = {
			isa = PBXGroup;
			children = (
				904FC0402C167B0900D3494B /* ApplicationsPageInteractor.swift */,
				904FC0412C167B0900D3494B /* ApplicationsPageInteractorInput.swift */,
				904FC0422C167B0900D3494B /* ApplicationsPageInteractorOutput.swift */,
			);
			path = Interactor;
			sourceTree = "<group>";
		};
		904FC0432C167B0900D3494B /* Localization */ = {
			isa = PBXGroup;
			children = (
				904FC0442C167B0900D3494B /* ApplicationsPageLocalization.swift */,
				904FC0452C167B0900D3494B /* ApplicationsPageLocalization.strings */,
			);
			path = Localization;
			sourceTree = "<group>";
		};
		904FC0462C167B0900D3494B /* Router */ = {
			isa = PBXGroup;
			children = (
				904FC0472C167B0900D3494B /* ApplicationsPageRouter.swift */,
			);
			path = Router;
			sourceTree = "<group>";
		};
		904FC0572C167B5D00D3494B /* RequestsPage */ = {
			isa = PBXGroup;
			children = (
				904FC0582C167B5D00D3494B /* Assembly */,
				904FC0622C167B5D00D3494B /* Data */,
				904FC0682C167B5D00D3494B /* Localization */,
				904FC05C2C167B5D00D3494B /* Network */,
				904FC0642C167B5D00D3494B /* Interactor */,
				904FC06B2C167B5D00D3494B /* Router */,
				904FC05A2C167B5D00D3494B /* Presenter */,
				904FC05E2C167B5D00D3494B /* View */,
			);
			name = RequestsPage;
			path = WishHub/Screens/FriendsSubscreens/RequestsPage;
			sourceTree = SOURCE_ROOT;
		};
		904FC0582C167B5D00D3494B /* Assembly */ = {
			isa = PBXGroup;
			children = (
				904FC0592C167B5D00D3494B /* RequestsPageAssembly.swift */,
			);
			path = Assembly;
			sourceTree = "<group>";
		};
		904FC05A2C167B5D00D3494B /* Presenter */ = {
			isa = PBXGroup;
			children = (
				904FC05B2C167B5D00D3494B /* RequestsPagePresenter.swift */,
			);
			path = Presenter;
			sourceTree = "<group>";
		};
		904FC05C2C167B5D00D3494B /* Network */ = {
			isa = PBXGroup;
			children = (
				904FC05D2C167B5D00D3494B /* RequestsPageNetwork.swift */,
			);
			path = Network;
			sourceTree = "<group>";
		};
		904FC05E2C167B5D00D3494B /* View */ = {
			isa = PBXGroup;
			children = (
				904FC0602C167B5D00D3494B /* RequestsPageViewOutput.swift */,
				904FC0612C167B5D00D3494B /* RequestsPageViewInput.swift */,
				904FC05F2C167B5D00D3494B /* RequestsPageViewController.swift */,
			);
			path = View;
			sourceTree = "<group>";
		};
		904FC0622C167B5D00D3494B /* Data */ = {
			isa = PBXGroup;
			children = (
				904FC0632C167B5D00D3494B /* RequestsPageData.swift */,
			);
			path = Data;
			sourceTree = "<group>";
		};
		904FC0642C167B5D00D3494B /* Interactor */ = {
			isa = PBXGroup;
			children = (
				904FC0652C167B5D00D3494B /* RequestsPageInteractorInput.swift */,
				904FC0662C167B5D00D3494B /* RequestsPageInteractorOutput.swift */,
				904FC0672C167B5D00D3494B /* RequestsPageInteractor.swift */,
			);
			path = Interactor;
			sourceTree = "<group>";
		};
		904FC0682C167B5D00D3494B /* Localization */ = {
			isa = PBXGroup;
			children = (
				904FC0692C167B5D00D3494B /* RequestsPageLocalization.swift */,
				904FC06A2C167B5D00D3494B /* RequestsPageLocalization.strings */,
			);
			path = Localization;
			sourceTree = "<group>";
		};
		904FC06B2C167B5D00D3494B /* Router */ = {
			isa = PBXGroup;
			children = (
				904FC06C2C167B5D00D3494B /* RequestsPageRouter.swift */,
			);
			path = Router;
			sourceTree = "<group>";
		};
		904FC07C2C1703EF00D3494B /* Profile */ = {
			isa = PBXGroup;
			children = (
				904FC07D2C1703EF00D3494B /* Assembly */,
				904FC0872C1703EF00D3494B /* Data */,
				904FC08D2C1703EF00D3494B /* Localization */,
				904FC0812C1703EF00D3494B /* Network */,
				904FC0892C1703EF00D3494B /* Interactor */,
				904FC0902C1703EF00D3494B /* Router */,
				904FC07F2C1703EF00D3494B /* Presenter */,
				904FC0832C1703EF00D3494B /* View */,
			);
			path = Profile;
			sourceTree = "<group>";
		};
		904FC07D2C1703EF00D3494B /* Assembly */ = {
			isa = PBXGroup;
			children = (
				904FC07E2C1703EF00D3494B /* ProfileAssembly.swift */,
			);
			path = Assembly;
			sourceTree = "<group>";
		};
		904FC07F2C1703EF00D3494B /* Presenter */ = {
			isa = PBXGroup;
			children = (
				904FC0802C1703EF00D3494B /* ProfilePresenter.swift */,
			);
			path = Presenter;
			sourceTree = "<group>";
		};
		904FC0812C1703EF00D3494B /* Network */ = {
			isa = PBXGroup;
			children = (
				904FC0822C1703EF00D3494B /* ProfileNetwork.swift */,
			);
			path = Network;
			sourceTree = "<group>";
		};
		904FC0832C1703EF00D3494B /* View */ = {
			isa = PBXGroup;
			children = (
				904FC0842C1703EF00D3494B /* ProfileViewInput.swift */,
				904FC0852C1703EF00D3494B /* ProfileViewOutput.swift */,
				904FC0862C1703EF00D3494B /* ProfileViewController.swift */,
			);
			path = View;
			sourceTree = "<group>";
		};
		904FC0872C1703EF00D3494B /* Data */ = {
			isa = PBXGroup;
			children = (
				904FC0882C1703EF00D3494B /* ProfileData.swift */,
			);
			path = Data;
			sourceTree = "<group>";
		};
		904FC0892C1703EF00D3494B /* Interactor */ = {
			isa = PBXGroup;
			children = (
				904FC08A2C1703EF00D3494B /* ProfileInteractorOutput.swift */,
				904FC08B2C1703EF00D3494B /* ProfileInteractorInput.swift */,
				904FC08C2C1703EF00D3494B /* ProfileInteractor.swift */,
			);
			path = Interactor;
			sourceTree = "<group>";
		};
		904FC08D2C1703EF00D3494B /* Localization */ = {
			isa = PBXGroup;
			children = (
				904FC08E2C1703EF00D3494B /* ProfileLocalization.swift */,
				904FC08F2C1703EF00D3494B /* ProfileLocalization.strings */,
			);
			path = Localization;
			sourceTree = "<group>";
		};
		904FC0902C1703EF00D3494B /* Router */ = {
			isa = PBXGroup;
			children = (
				904FC0912C1703EF00D3494B /* ProfileRouter.swift */,
			);
			path = Router;
			sourceTree = "<group>";
		};
		904FC0A92C17343600D3494B /* ProfileTableView */ = {
			isa = PBXGroup;
			children = (
				904FC0AA2C17344000D3494B /* Cell */,
				904FC0A72C17225000D3494B /* ProfileTableView.swift */,
			);
			path = ProfileTableView;
			sourceTree = "<group>";
		};
		904FC0AA2C17344000D3494B /* Cell */ = {
			isa = PBXGroup;
			children = (
				904FC0AB2C17345600D3494B /* ProfileTableViewCell.swift */,
			);
			path = Cell;
			sourceTree = "<group>";
		};
		904FC0B12C17474800D3494B /* TableViews */ = {
			isa = PBXGroup;
			children = (
				904FC0A92C17343600D3494B /* ProfileTableView */,
			);
			path = TableViews;
			sourceTree = "<group>";
		};
		904FC0B22C17474F00D3494B /* CollectionViews */ = {
			isa = PBXGroup;
			children = (
				904FC0B32C17475F00D3494B /* UserDataCollectionView */,
			);
			path = CollectionViews;
			sourceTree = "<group>";
		};
		904FC0B32C17475F00D3494B /* UserDataCollectionView */ = {
			isa = PBXGroup;
			children = (
				904FC0B62C174C2700D3494B /* Cell */,
				904FC0B42C17478900D3494B /* UserDataCollectionView.swift */,
			);
			path = UserDataCollectionView;
			sourceTree = "<group>";
		};
		904FC0B62C174C2700D3494B /* Cell */ = {
			isa = PBXGroup;
			children = (
				904FC0B72C174C4100D3494B /* UserDataCollectionViewCell.swift */,
			);
			path = Cell;
			sourceTree = "<group>";
		};
		904FC0B92C17669B00D3494B /* Views */ = {
			isa = PBXGroup;
			children = (
				904FBFEE2C16139200D3494B /* SegmentedButtonsView.swift */,
			);
			path = Views;
			sourceTree = "<group>";
		};
		904FC0BA2C1766A000D3494B /* Buttons */ = {
			isa = PBXGroup;
			children = (
				904FBFF02C161EE600D3494B /* SegmentedButton.swift */,
			);
			path = Buttons;
			sourceTree = "<group>";
		};
		904FC0BB2C1766AA00D3494B /* Other */ = {
			isa = PBXGroup;
			children = (
				904FC0AD2C17425C00D3494B /* CustomSwitcher.swift */,
			);
			path = Other;
			sourceTree = "<group>";
		};
		9068A2882C11E7D800FBE63F = {
			isa = PBXGroup;
			children = (
				9068A2932C11E7D800FBE63F /* WishHub */,
				9068A2922C11E7D800FBE63F /* Products */,
			);
			sourceTree = "<group>";
		};
		9068A2922C11E7D800FBE63F /* Products */ = {
			isa = PBXGroup;
			children = (
				9068A2912C11E7D800FBE63F /* WishHub.app */,
			);
			name = Products;
			sourceTree = "<group>";
		};
		9068A2932C11E7D800FBE63F /* WishHub */ = {
			isa = PBXGroup;
			children = (
				904FBF6E2C15C59B00D3494B /* App */,
				904FBF6F2C15C5A500D3494B /* Screens */,
				904FC0072C165B2200D3494B /* Models */,
				904FBFA92C15D29E00D3494B /* BaseViews */,
				904FBFDE2C15E7F100D3494B /* CustomViews */,
				904FBFF62C162A3B00D3494B /* Constants */,
				904FBFF72C162A7F00D3494B /* Localization */,
				904FBF972C15C75B00D3494B /* Architecture */,
				904FBF962C15C72100D3494B /* Extensions */,
				904FBF702C15C5DE00D3494B /* Resources */,
				9068A29F2C11E7DB00FBE63F /* LaunchScreen.storyboard */,
				9068A2A22C11E7DB00FBE63F /* Info.plist */,
			);
			path = WishHub;
			sourceTree = "<group>";
		};
/* End PBXGroup section */

/* Begin PBXNativeTarget section */
		9068A2902C11E7D800FBE63F /* WishHub */ = {
			isa = PBXNativeTarget;
			buildConfigurationList = 9068A2A52C11E7DB00FBE63F /* Build configuration list for PBXNativeTarget "WishHub" */;
			buildPhases = (
				9068A28D2C11E7D800FBE63F /* Sources */,
				9068A28E2C11E7D800FBE63F /* Frameworks */,
				9068A28F2C11E7D800FBE63F /* Resources */,
			);
			buildRules = (
			);
			dependencies = (
			);
			name = WishHub;
			packageProductDependencies = (
				904FBFAD2C15D2F800D3494B /* SnapKit */,
				904FBFAF2C15D2F800D3494B /* SnapKit-Dynamic */,
			);
			productName = WishHub;
			productReference = 9068A2912C11E7D800FBE63F /* WishHub.app */;
			productType = "com.apple.product-type.application";
		};
/* End PBXNativeTarget section */

/* Begin PBXProject section */
		9068A2892C11E7D800FBE63F /* Project object */ = {
			isa = PBXProject;
			attributes = {
				BuildIndependentTargetsInParallel = 1;
				LastSwiftUpdateCheck = 1520;
				LastUpgradeCheck = 1520;
				TargetAttributes = {
					9068A2902C11E7D800FBE63F = {
						CreatedOnToolsVersion = 15.2;
					};
				};
			};
			buildConfigurationList = 9068A28C2C11E7D800FBE63F /* Build configuration list for PBXProject "WishHub" */;
			compatibilityVersion = "Xcode 14.0";
			developmentRegion = ru;
			hasScannedForEncodings = 0;
			knownRegions = (
				en,
				Base,
				ru,
			);
			mainGroup = 9068A2882C11E7D800FBE63F;
			packageReferences = (
				904FBFAC2C15D2F800D3494B /* XCRemoteSwiftPackageReference "SnapKit" */,
				904FBFD42C15DE1500D3494B /* XCRemoteSwiftPackageReference "SwiftLint" */,
			);
			productRefGroup = 9068A2922C11E7D800FBE63F /* Products */;
			projectDirPath = "";
			projectRoot = "";
			targets = (
				9068A2902C11E7D800FBE63F /* WishHub */,
			);
		};
/* End PBXProject section */

/* Begin PBXResourcesBuildPhase section */
		9068A28F2C11E7D800FBE63F /* Resources */ = {
			isa = PBXResourcesBuildPhase;
			buildActionMask = 2147483647;
			files = (
				904FC0782C167B5E00D3494B /* RequestsPageLocalization.strings in Resources */,
				904FC02E2C167A8B00D3494B /* FriendsPageLocalization.strings in Resources */,
				904FC0532C167B0900D3494B /* ApplicationsPageLocalization.strings in Resources */,
				904FC09D2C1703EF00D3494B /* ProfileLocalization.strings in Resources */,
				9068A2A12C11E7DB00FBE63F /* LaunchScreen.storyboard in Resources */,
				904FBFDA2C15E19D00D3494B /* Colors.xcassets in Resources */,
				904FBFE92C15EFAA00D3494B /* Ubuntu-Medium.ttf in Resources */,
				904FBF932C15C6D000D3494B /* FriendsLocalization.strings in Resources */,
				904FBFEB2C15EFAA00D3494B /* Ubuntu-Bold.ttf in Resources */,
				904FBFFE2C162A7F00D3494B /* Localizable.strings in Resources */,
				904FBFDD2C15E78200D3494B /* Pershotravneva55.ttf in Resources */,
				904FBFEA2C15EFAA00D3494B /* PTSansCaption-Regular.ttf in Resources */,
				904FBFED2C15EFAA00D3494B /* Ubuntu-Regular.ttf in Resources */,
				904FBFFF2C162A7F00D3494B /* ErrorLocalizable.strings in Resources */,
				9068A29E2C11E7DB00FBE63F /* Assets.xcassets in Resources */,
			);
			runOnlyForDeploymentPostprocessing = 0;
		};
/* End PBXResourcesBuildPhase section */

/* Begin PBXSourcesBuildPhase section */
		9068A28D2C11E7D800FBE63F /* Sources */ = {
			isa = PBXSourcesBuildPhase;
			buildActionMask = 2147483647;
			files = (
				904FBFB72C15D90B00D3494B /* UIViewController+Extension.swift in Sources */,
				904FBFCA2C15DBD200D3494B /* BasePresenter.swift in Sources */,
				904FC06D2C167B5E00D3494B /* RequestsPageAssembly.swift in Sources */,
				904FBF942C15C6D000D3494B /* FriendsLocalization.swift in Sources */,
				904FBF8D2C15C6D000D3494B /* FriendsViewOutput.swift in Sources */,
				904FC04B2C167B0900D3494B /* ApplicationsPageViewInput.swift in Sources */,
				904FC0292C167A8B00D3494B /* FriendsPageData.swift in Sources */,
				904FC0972C1703EF00D3494B /* ProfileViewController.swift in Sources */,
				904FC0742C167B5E00D3494B /* RequestsPageInteractorInput.swift in Sources */,
				904FC09B2C1703EF00D3494B /* ProfileInteractor.swift in Sources */,
				904FC0242C167A8B00D3494B /* FriendsPagePresenter.swift in Sources */,
				904FBF8A2C15C6D000D3494B /* FriendsPresenter.swift in Sources */,
				904FC09A2C1703EF00D3494B /* ProfileInteractorInput.swift in Sources */,
				904FC0092C165B3400D3494B /* TabBarItemType.swift in Sources */,
				904FC06E2C167B5E00D3494B /* RequestsPagePresenter.swift in Sources */,
				904FC0762C167B5E00D3494B /* RequestsPageInteractor.swift in Sources */,
				904FBF8B2C15C6D000D3494B /* FriendsNetwork.swift in Sources */,
				904FBFA22C15C9AB00D3494B /* BaseViewController.swift in Sources */,
				904FC0062C16596600D3494B /* Images.swift in Sources */,
				904FBFE32C15E85300D3494B /* BaseFonts.swift in Sources */,
				904FC02F2C167A8B00D3494B /* FriendsPageRouter.swift in Sources */,
				904FC0492C167B0900D3494B /* ApplicationsPagePresenter.swift in Sources */,
				904FC0702C167B5E00D3494B /* RequestsPageViewController.swift in Sources */,
				904FBF992C15C77900D3494B /* BaseLocalization.swift in Sources */,
				904FBFA42C15D07E00D3494B /* KeyboardService.swift in Sources */,
				904FBFAB2C15D2AC00D3494B /* HeaderViewController.swift in Sources */,
				904FC0522C167B0900D3494B /* ApplicationsPageLocalization.swift in Sources */,
				904FC09E2C1703EF00D3494B /* ProfileRouter.swift in Sources */,
				904FC0792C167B5E00D3494B /* RequestsPageRouter.swift in Sources */,
				904FC02D2C167A8B00D3494B /* FriendsPageLocalization.swift in Sources */,
				904FC0B52C17478900D3494B /* UserDataCollectionView.swift in Sources */,
				9068A2952C11E7D800FBE63F /* AppDelegate.swift in Sources */,
				904FC0BD2C19047E00D3494B /* Notification.Name+Extension.swift in Sources */,
				904FC0952C1703EF00D3494B /* ProfileViewInput.swift in Sources */,
				904FC0042C1633FF00D3494B /* UIView+Extension.swift in Sources */,
				904FBF8F2C15C6D000D3494B /* FriendsData.swift in Sources */,
				904FC02C2C167A8B00D3494B /* FriendsPageInteractorOutput.swift in Sources */,
				904FBF9B2C15C7B400D3494B /* String+Extension.swift in Sources */,
				904FBFF12C161EE600D3494B /* SegmentedButton.swift in Sources */,
				904FBFBC2C15DA1000D3494B /* BaseInteractorInput.swift in Sources */,
				904FBFBE2C15DA1F00D3494B /* BaseInteractorOutput.swift in Sources */,
				904FC0232C167A8B00D3494B /* FriendsPageAssembly.swift in Sources */,
				904FBFEF2C16139200D3494B /* SegmentedButtonsView.swift in Sources */,
				904FBF9F2C15C93400D3494B /* BaseAssembly.swift in Sources */,
				904FC0982C1703EF00D3494B /* ProfileData.swift in Sources */,
				904FC0992C1703EF00D3494B /* ProfileInteractorOutput.swift in Sources */,
				904FC04D2C167B0900D3494B /* ApplicationsPageViewController.swift in Sources */,
				904FC04E2C167B0900D3494B /* ApplicationsPageData.swift in Sources */,
				904FC0712C167B5E00D3494B /* RequestsPageViewOutput.swift in Sources */,
				904FBF8C2C15C6D000D3494B /* FriendsViewController.swift in Sources */,
				904FBF952C15C6D000D3494B /* FriendsRouter.swift in Sources */,
				904FC0272C167A8B00D3494B /* FriendsPageViewOutput.swift in Sources */,
				904FBFC32C15DAAD00D3494B /* NavigationProtocol.swift in Sources */,
				904FBFC62C15DB7300D3494B /* BaseViewInput.swift in Sources */,
				904FBF912C15C6D000D3494B /* FriendsInteractorOutput.swift in Sources */,
				904FC0282C167A8B00D3494B /* FriendsPageViewController.swift in Sources */,
				904FC0722C167B5E00D3494B /* RequestsPageViewInput.swift in Sources */,
				904FC02B2C167A8B00D3494B /* FriendsPageInteractorInput.swift in Sources */,
				904FC0A82C17225000D3494B /* ProfileTableView.swift in Sources */,
				904FBFCD2C15DC5800D3494B /* BaseNetwork.swift in Sources */,
				904FC09C2C1703EF00D3494B /* ProfileLocalization.swift in Sources */,
				904FC0B82C174C4100D3494B /* UserDataCollectionViewCell.swift in Sources */,
				904FC0942C1703EF00D3494B /* ProfileNetwork.swift in Sources */,
				904FBFC82C15DB8200D3494B /* BaseViewOutput.swift in Sources */,
				904FBFBA2C15D9E800D3494B /* BaseInteractor.swift in Sources */,
				904FC0752C167B5E00D3494B /* RequestsPageInteractorOutput.swift in Sources */,
				904FC04A2C167B0900D3494B /* ApplicationsPageNetwork.swift in Sources */,
				904FC0022C1630FD00D3494B /* UIImage+Extension.swift in Sources */,
				904FC0262C167A8B00D3494B /* FriendsPageViewInput.swift in Sources */,
				904FC06F2C167B5E00D3494B /* RequestsPageNetwork.swift in Sources */,
				904FC0962C1703EF00D3494B /* ProfileViewOutput.swift in Sources */,
				904FBFE02C15E80D00D3494B /* Fonts.swift in Sources */,
				904FC0502C167B0900D3494B /* ApplicationsPageInteractorInput.swift in Sources */,
				904FC04F2C167B0900D3494B /* ApplicationsPageInteractor.swift in Sources */,
				9068A2972C11E7D800FBE63F /* SceneDelegate.swift in Sources */,
				904FC0A22C170BFD00D3494B /* Constants.swift in Sources */,
				904FBFF52C1629DA00D3494B /* TabBarController.swift in Sources */,
				904FC0542C167B0900D3494B /* ApplicationsPageRouter.swift in Sources */,
				904FBFA62C15D16900D3494B /* UIApplication+Extension.swift in Sources */,
				904FBF922C15C6D000D3494B /* FriendsInteractorInput.swift in Sources */,
				904FC0922C1703EF00D3494B /* ProfileAssembly.swift in Sources */,
				904FC02A2C167A8B00D3494B /* FriendsPageInteractor.swift in Sources */,
				904FBF902C15C6D000D3494B /* FriendsInteractor.swift in Sources */,
				904FBFC12C15DA7700D3494B /* BaseRouter.swift in Sources */,
				904FC0732C167B5E00D3494B /* RequestsPageData.swift in Sources */,
				904FBF8E2C15C6D000D3494B /* FriendsViewInput.swift in Sources */,
				904FC0AE2C17425C00D3494B /* CustomSwitcher.swift in Sources */,
				904FC0B02C17427E00D3494B /* ProfileMenuItem.swift in Sources */,
				904FC0AC2C17345600D3494B /* ProfileTableViewCell.swift in Sources */,
				904FBF9D2C15C7EE00D3494B /* NSObject+Extension.swift in Sources */,
				904FC0512C167B0900D3494B /* ApplicationsPageInteractorOutput.swift in Sources */,
				904FC04C2C167B0900D3494B /* ApplicationsPageViewOutput.swift in Sources */,
				904FBFA82C15D23B00D3494B /* KeyboardSensitiveConstraints.swift in Sources */,
				904FC0252C167A8B00D3494B /* FriendsPageNetwork.swift in Sources */,
				904FC0482C167B0900D3494B /* ApplicationsPageAssembly.swift in Sources */,
				904FC0932C1703EF00D3494B /* ProfilePresenter.swift in Sources */,
				904FC0002C162A7F00D3494B /* Localizable.swift in Sources */,
				904FBF892C15C6D000D3494B /* FriendsAssembly.swift in Sources */,
				904FC0772C167B5E00D3494B /* RequestsPageLocalization.swift in Sources */,
				904FC0A02C170B1800D3494B /* TabBar.swift in Sources */,
			);
			runOnlyForDeploymentPostprocessing = 0;
		};
/* End PBXSourcesBuildPhase section */

/* Begin PBXVariantGroup section */
		904FBFF82C162A7F00D3494B /* Localizable.strings */ = {
			isa = PBXVariantGroup;
			children = (
				904FBFF92C162A7F00D3494B /* en */,
				904FBFFA2C162A7F00D3494B /* ru */,
			);
			name = Localizable.strings;
			sourceTree = "<group>";
		};
		9068A29F2C11E7DB00FBE63F /* LaunchScreen.storyboard */ = {
			isa = PBXVariantGroup;
			children = (
				9068A2A02C11E7DB00FBE63F /* Base */,
				9068A2A92C11E80200FBE63F /* ru */,
			);
			name = LaunchScreen.storyboard;
			sourceTree = "<group>";
		};
/* End PBXVariantGroup section */

/* Begin XCBuildConfiguration section */
		9068A2A32C11E7DB00FBE63F /* Debug */ = {
			isa = XCBuildConfiguration;
			buildSettings = {
				ALWAYS_SEARCH_USER_PATHS = NO;
				ASSETCATALOG_COMPILER_GENERATE_SWIFT_ASSET_SYMBOL_EXTENSIONS = YES;
				CLANG_ANALYZER_LOCALIZABILITY_NONLOCALIZED = YES;
				CLANG_ANALYZER_NONNULL = YES;
				CLANG_ANALYZER_NUMBER_OBJECT_CONVERSION = YES_AGGRESSIVE;
				CLANG_CXX_LANGUAGE_STANDARD = "gnu++20";
				CLANG_ENABLE_MODULES = YES;
				CLANG_ENABLE_OBJC_ARC = YES;
				CLANG_ENABLE_OBJC_WEAK = YES;
				CLANG_WARN_BLOCK_CAPTURE_AUTORELEASING = YES;
				CLANG_WARN_BOOL_CONVERSION = YES;
				CLANG_WARN_COMMA = YES;
				CLANG_WARN_CONSTANT_CONVERSION = YES;
				CLANG_WARN_DEPRECATED_OBJC_IMPLEMENTATIONS = YES;
				CLANG_WARN_DIRECT_OBJC_ISA_USAGE = YES_ERROR;
				CLANG_WARN_DOCUMENTATION_COMMENTS = YES;
				CLANG_WARN_EMPTY_BODY = YES;
				CLANG_WARN_ENUM_CONVERSION = YES;
				CLANG_WARN_INFINITE_RECURSION = YES;
				CLANG_WARN_INT_CONVERSION = YES;
				CLANG_WARN_NON_LITERAL_NULL_CONVERSION = YES;
				CLANG_WARN_OBJC_IMPLICIT_RETAIN_SELF = YES;
				CLANG_WARN_OBJC_LITERAL_CONVERSION = YES;
				CLANG_WARN_OBJC_ROOT_CLASS = YES_ERROR;
				CLANG_WARN_QUOTED_INCLUDE_IN_FRAMEWORK_HEADER = YES;
				CLANG_WARN_RANGE_LOOP_ANALYSIS = YES;
				CLANG_WARN_STRICT_PROTOTYPES = YES;
				CLANG_WARN_SUSPICIOUS_MOVE = YES;
				CLANG_WARN_UNGUARDED_AVAILABILITY = YES_AGGRESSIVE;
				CLANG_WARN_UNREACHABLE_CODE = YES;
				CLANG_WARN__DUPLICATE_METHOD_MATCH = YES;
				COPY_PHASE_STRIP = NO;
				DEBUG_INFORMATION_FORMAT = dwarf;
				ENABLE_STRICT_OBJC_MSGSEND = YES;
				ENABLE_TESTABILITY = YES;
				ENABLE_USER_SCRIPT_SANDBOXING = YES;
				GCC_C_LANGUAGE_STANDARD = gnu17;
				GCC_DYNAMIC_NO_PIC = NO;
				GCC_NO_COMMON_BLOCKS = YES;
				GCC_OPTIMIZATION_LEVEL = 0;
				GCC_PREPROCESSOR_DEFINITIONS = (
					"DEBUG=1",
					"$(inherited)",
				);
				GCC_WARN_64_TO_32_BIT_CONVERSION = YES;
				GCC_WARN_ABOUT_RETURN_TYPE = YES_ERROR;
				GCC_WARN_UNDECLARED_SELECTOR = YES;
				GCC_WARN_UNINITIALIZED_AUTOS = YES_AGGRESSIVE;
				GCC_WARN_UNUSED_FUNCTION = YES;
				GCC_WARN_UNUSED_VARIABLE = YES;
				IPHONEOS_DEPLOYMENT_TARGET = 16;
				LOCALIZATION_PREFERS_STRING_CATALOGS = YES;
				MTL_ENABLE_DEBUG_INFO = INCLUDE_SOURCE;
				MTL_FAST_MATH = YES;
				ONLY_ACTIVE_ARCH = YES;
				SDKROOT = iphoneos;
				SWIFT_ACTIVE_COMPILATION_CONDITIONS = "DEBUG $(inherited)";
				SWIFT_OPTIMIZATION_LEVEL = "-Onone";
			};
			name = Debug;
		};
		9068A2A42C11E7DB00FBE63F /* Release */ = {
			isa = XCBuildConfiguration;
			buildSettings = {
				ALWAYS_SEARCH_USER_PATHS = NO;
				ASSETCATALOG_COMPILER_GENERATE_SWIFT_ASSET_SYMBOL_EXTENSIONS = YES;
				CLANG_ANALYZER_LOCALIZABILITY_NONLOCALIZED = YES;
				CLANG_ANALYZER_NONNULL = YES;
				CLANG_ANALYZER_NUMBER_OBJECT_CONVERSION = YES_AGGRESSIVE;
				CLANG_CXX_LANGUAGE_STANDARD = "gnu++20";
				CLANG_ENABLE_MODULES = YES;
				CLANG_ENABLE_OBJC_ARC = YES;
				CLANG_ENABLE_OBJC_WEAK = YES;
				CLANG_WARN_BLOCK_CAPTURE_AUTORELEASING = YES;
				CLANG_WARN_BOOL_CONVERSION = YES;
				CLANG_WARN_COMMA = YES;
				CLANG_WARN_CONSTANT_CONVERSION = YES;
				CLANG_WARN_DEPRECATED_OBJC_IMPLEMENTATIONS = YES;
				CLANG_WARN_DIRECT_OBJC_ISA_USAGE = YES_ERROR;
				CLANG_WARN_DOCUMENTATION_COMMENTS = YES;
				CLANG_WARN_EMPTY_BODY = YES;
				CLANG_WARN_ENUM_CONVERSION = YES;
				CLANG_WARN_INFINITE_RECURSION = YES;
				CLANG_WARN_INT_CONVERSION = YES;
				CLANG_WARN_NON_LITERAL_NULL_CONVERSION = YES;
				CLANG_WARN_OBJC_IMPLICIT_RETAIN_SELF = YES;
				CLANG_WARN_OBJC_LITERAL_CONVERSION = YES;
				CLANG_WARN_OBJC_ROOT_CLASS = YES_ERROR;
				CLANG_WARN_QUOTED_INCLUDE_IN_FRAMEWORK_HEADER = YES;
				CLANG_WARN_RANGE_LOOP_ANALYSIS = YES;
				CLANG_WARN_STRICT_PROTOTYPES = YES;
				CLANG_WARN_SUSPICIOUS_MOVE = YES;
				CLANG_WARN_UNGUARDED_AVAILABILITY = YES_AGGRESSIVE;
				CLANG_WARN_UNREACHABLE_CODE = YES;
				CLANG_WARN__DUPLICATE_METHOD_MATCH = YES;
				COPY_PHASE_STRIP = NO;
				DEBUG_INFORMATION_FORMAT = "dwarf-with-dsym";
				ENABLE_NS_ASSERTIONS = NO;
				ENABLE_STRICT_OBJC_MSGSEND = YES;
				ENABLE_USER_SCRIPT_SANDBOXING = YES;
				GCC_C_LANGUAGE_STANDARD = gnu17;
				GCC_NO_COMMON_BLOCKS = YES;
				GCC_WARN_64_TO_32_BIT_CONVERSION = YES;
				GCC_WARN_ABOUT_RETURN_TYPE = YES_ERROR;
				GCC_WARN_UNDECLARED_SELECTOR = YES;
				GCC_WARN_UNINITIALIZED_AUTOS = YES_AGGRESSIVE;
				GCC_WARN_UNUSED_FUNCTION = YES;
				GCC_WARN_UNUSED_VARIABLE = YES;
				IPHONEOS_DEPLOYMENT_TARGET = 16;
				LOCALIZATION_PREFERS_STRING_CATALOGS = YES;
				MTL_ENABLE_DEBUG_INFO = NO;
				MTL_FAST_MATH = YES;
				SDKROOT = iphoneos;
				SWIFT_COMPILATION_MODE = wholemodule;
				VALIDATE_PRODUCT = YES;
			};
			name = Release;
		};
		9068A2A62C11E7DB00FBE63F /* Debug */ = {
			isa = XCBuildConfiguration;
			buildSettings = {
				ASSETCATALOG_COMPILER_APPICON_NAME = AppIcon;
				ASSETCATALOG_COMPILER_GLOBAL_ACCENT_COLOR_NAME = AccentColor;
				CODE_SIGN_STYLE = Automatic;
				CURRENT_PROJECT_VERSION = 1;
				DEVELOPMENT_TEAM = GTMA39LQ82;
				GENERATE_INFOPLIST_FILE = YES;
				INFOPLIST_FILE = WishHub/Info.plist;
				INFOPLIST_KEY_UIApplicationSupportsIndirectInputEvents = YES;
				INFOPLIST_KEY_UILaunchStoryboardName = LaunchScreen;
				INFOPLIST_KEY_UISupportedInterfaceOrientations = UIInterfaceOrientationPortrait;
				INFOPLIST_KEY_UISupportedInterfaceOrientations_iPad = "UIInterfaceOrientationLandscapeLeft UIInterfaceOrientationLandscapeRight UIInterfaceOrientationPortrait UIInterfaceOrientationPortraitUpsideDown";
				IPHONEOS_DEPLOYMENT_TARGET = 16;
				LD_RUNPATH_SEARCH_PATHS = (
					"$(inherited)",
					"@executable_path/Frameworks",
				);
				MARKETING_VERSION = 1.0;
				PRODUCT_BUNDLE_IDENTIFIER = com.myawko.WishHub;
				PRODUCT_NAME = "$(TARGET_NAME)";
				SUPPORTED_PLATFORMS = "iphoneos iphonesimulator";
				SUPPORTS_MACCATALYST = NO;
				SUPPORTS_MAC_DESIGNED_FOR_IPHONE_IPAD = NO;
				SUPPORTS_XR_DESIGNED_FOR_IPHONE_IPAD = NO;
				SWIFT_EMIT_LOC_STRINGS = YES;
				SWIFT_VERSION = 5.0;
				TARGETED_DEVICE_FAMILY = 1;
			};
			name = Debug;
		};
		9068A2A72C11E7DB00FBE63F /* Release */ = {
			isa = XCBuildConfiguration;
			buildSettings = {
				ASSETCATALOG_COMPILER_APPICON_NAME = AppIcon;
				ASSETCATALOG_COMPILER_GLOBAL_ACCENT_COLOR_NAME = AccentColor;
				CODE_SIGN_STYLE = Automatic;
				CURRENT_PROJECT_VERSION = 1;
				DEVELOPMENT_TEAM = GTMA39LQ82;
				GENERATE_INFOPLIST_FILE = YES;
				INFOPLIST_FILE = WishHub/Info.plist;
				INFOPLIST_KEY_UIApplicationSupportsIndirectInputEvents = YES;
				INFOPLIST_KEY_UILaunchStoryboardName = LaunchScreen;
				INFOPLIST_KEY_UISupportedInterfaceOrientations = UIInterfaceOrientationPortrait;
				INFOPLIST_KEY_UISupportedInterfaceOrientations_iPad = "UIInterfaceOrientationLandscapeLeft UIInterfaceOrientationLandscapeRight UIInterfaceOrientationPortrait UIInterfaceOrientationPortraitUpsideDown";
				IPHONEOS_DEPLOYMENT_TARGET = 16;
				LD_RUNPATH_SEARCH_PATHS = (
					"$(inherited)",
					"@executable_path/Frameworks",
				);
				MARKETING_VERSION = 1.0;
				PRODUCT_BUNDLE_IDENTIFIER = com.myawko.WishHub;
				PRODUCT_NAME = "$(TARGET_NAME)";
				SUPPORTED_PLATFORMS = "iphoneos iphonesimulator";
				SUPPORTS_MACCATALYST = NO;
				SUPPORTS_MAC_DESIGNED_FOR_IPHONE_IPAD = NO;
				SUPPORTS_XR_DESIGNED_FOR_IPHONE_IPAD = NO;
				SWIFT_EMIT_LOC_STRINGS = YES;
				SWIFT_VERSION = 5.0;
				TARGETED_DEVICE_FAMILY = 1;
			};
			name = Release;
		};
/* End XCBuildConfiguration section */

/* Begin XCConfigurationList section */
		9068A28C2C11E7D800FBE63F /* Build configuration list for PBXProject "WishHub" */ = {
			isa = XCConfigurationList;
			buildConfigurations = (
				9068A2A32C11E7DB00FBE63F /* Debug */,
				9068A2A42C11E7DB00FBE63F /* Release */,
			);
			defaultConfigurationIsVisible = 0;
			defaultConfigurationName = Release;
		};
		9068A2A52C11E7DB00FBE63F /* Build configuration list for PBXNativeTarget "WishHub" */ = {
			isa = XCConfigurationList;
			buildConfigurations = (
				9068A2A62C11E7DB00FBE63F /* Debug */,
				9068A2A72C11E7DB00FBE63F /* Release */,
			);
			defaultConfigurationIsVisible = 0;
			defaultConfigurationName = Release;
		};
/* End XCConfigurationList section */

/* Begin XCRemoteSwiftPackageReference section */
		904FBFAC2C15D2F800D3494B /* XCRemoteSwiftPackageReference "SnapKit" */ = {
			isa = XCRemoteSwiftPackageReference;
			repositoryURL = "https://github.com/SnapKit/SnapKit";
			requirement = {
				kind = upToNextMajorVersion;
				minimumVersion = 5.7.1;
			};
		};
		904FBFD42C15DE1500D3494B /* XCRemoteSwiftPackageReference "SwiftLint" */ = {
			isa = XCRemoteSwiftPackageReference;
			repositoryURL = "https://github.com/realm/SwiftLint";
			requirement = {
				kind = upToNextMajorVersion;
				minimumVersion = 0.55.1;
			};
		};
/* End XCRemoteSwiftPackageReference section */

/* Begin XCSwiftPackageProductDependency section */
		904FBFAD2C15D2F800D3494B /* SnapKit */ = {
			isa = XCSwiftPackageProductDependency;
			package = 904FBFAC2C15D2F800D3494B /* XCRemoteSwiftPackageReference "SnapKit" */;
			productName = SnapKit;
		};
		904FBFAF2C15D2F800D3494B /* SnapKit-Dynamic */ = {
			isa = XCSwiftPackageProductDependency;
			package = 904FBFAC2C15D2F800D3494B /* XCRemoteSwiftPackageReference "SnapKit" */;
			productName = "SnapKit-Dynamic";
		};
/* End XCSwiftPackageProductDependency section */
	};
	rootObject = 9068A2892C11E7D800FBE63F /* Project object */;
}
